// !$*UTF8*$!
{
	archiveVersion = 1;
	classes = {
	};
	objectVersion = 56;
	objects = {

/* Begin PBXBuildFile section */
		72003C482B57C78D00A99A88 /* LoadFeedFromCacheUseCaseTests.swift in Sources */ = {isa = PBXBuildFile; fileRef = 72003C472B57C78D00A99A88 /* LoadFeedFromCacheUseCaseTests.swift */; };
		721D0BEA2AD3D7EB0099EC65 /* URLSessionHTTPClientTests.swift in Sources */ = {isa = PBXBuildFile; fileRef = 721D0BE92AD3D7EB0099EC65 /* URLSessionHTTPClientTests.swift */; };
		721D0BED2AD7CE7A0099EC65 /* XCTestCase+MemoryLeakTracking.swift in Sources */ = {isa = PBXBuildFile; fileRef = 721D0BEC2AD7CE7A0099EC65 /* XCTestCase+MemoryLeakTracking.swift */; };
		721D0BEF2AD837830099EC65 /* URLSessionHTTPClient.swift in Sources */ = {isa = PBXBuildFile; fileRef = 721D0BEE2AD837830099EC65 /* URLSessionHTTPClient.swift */; };
		721D0BF82AD8B3BE0099EC65 /* EssentialFeedAPIEndToEndTests.swift in Sources */ = {isa = PBXBuildFile; fileRef = 721D0BF72AD8B3BE0099EC65 /* EssentialFeedAPIEndToEndTests.swift */; };
		721D0BF92AD8B3BE0099EC65 /* EssentialFeed.framework in Frameworks */ = {isa = PBXBuildFile; fileRef = 723856112A85A4F50041395F /* EssentialFeed.framework */; };
		721D0BFF2AD8D6080099EC65 /* XCTestCase+MemoryLeakTracking.swift in Sources */ = {isa = PBXBuildFile; fileRef = 721D0BEC2AD7CE7A0099EC65 /* XCTestCase+MemoryLeakTracking.swift */; };
		722E5AE62B96474D0060FC9F /* FeedImageDataLoader.swift in Sources */ = {isa = PBXBuildFile; fileRef = 722E5AE52B96474D0060FC9F /* FeedImageDataLoader.swift */; };
		722E5AEA2B98FDDB0060FC9F /* FeedImageCellController.swift in Sources */ = {isa = PBXBuildFile; fileRef = 722E5AE92B98FDDB0060FC9F /* FeedImageCellController.swift */; };
		722E5AED2BA9E13C0060FC9F /* FeedUIComposer.swift in Sources */ = {isa = PBXBuildFile; fileRef = 722E5AEC2BA9E13C0060FC9F /* FeedUIComposer.swift */; };
		72382F932AEB0F77005C9DC0 /* CacheFeedUseCaseTests.swift in Sources */ = {isa = PBXBuildFile; fileRef = 72382F922AEB0F77005C9DC0 /* CacheFeedUseCaseTests.swift */; };
		723856162A85A4F50041395F /* EssentialFeed.docc in Sources */ = {isa = PBXBuildFile; fileRef = 723856152A85A4F50041395F /* EssentialFeed.docc */; };
		7238561C2A85A4F50041395F /* EssentialFeed.framework in Frameworks */ = {isa = PBXBuildFile; fileRef = 723856112A85A4F50041395F /* EssentialFeed.framework */; };
		723856222A85A4F50041395F /* EssentialFeed.h in Headers */ = {isa = PBXBuildFile; fileRef = 723856142A85A4F50041395F /* EssentialFeed.h */; settings = {ATTRIBUTES = (Public, ); }; };
		7238562C2A85A5300041395F /* FeedImage.swift in Sources */ = {isa = PBXBuildFile; fileRef = 7238562B2A85A5300041395F /* FeedImage.swift */; };
		7238562E2A85B44A0041395F /* FeedLoader.swift in Sources */ = {isa = PBXBuildFile; fileRef = 7238562D2A85B44A0041395F /* FeedLoader.swift */; };
		723856312A85B7790041395F /* RemoteFeedLoaderTests.swift in Sources */ = {isa = PBXBuildFile; fileRef = 723856302A85B7790041395F /* RemoteFeedLoaderTests.swift */; };
		727531402B552B91008252F6 /* LocalFeedLoader.swift in Sources */ = {isa = PBXBuildFile; fileRef = 7275313F2B552B91008252F6 /* LocalFeedLoader.swift */; };
		727531422B552D28008252F6 /* FeedStore.swift in Sources */ = {isa = PBXBuildFile; fileRef = 727531412B552D28008252F6 /* FeedStore.swift */; };
		727531442B55E4D4008252F6 /* RemoteFeedITem.swift in Sources */ = {isa = PBXBuildFile; fileRef = 727531432B55E4D4008252F6 /* RemoteFeedITem.swift */; };
		727531462B55E523008252F6 /* LocalFeedImage.swift in Sources */ = {isa = PBXBuildFile; fileRef = 727531452B55E523008252F6 /* LocalFeedImage.swift */; };
		727F4CE42BBDC45D00137083 /* FeedImageViewModel.swift in Sources */ = {isa = PBXBuildFile; fileRef = 727F4CE32BBDC45D00137083 /* FeedImageViewModel.swift */; };
		727F4CE62BBF340200137083 /* FeedPresenter.swift in Sources */ = {isa = PBXBuildFile; fileRef = 727F4CE52BBF340200137083 /* FeedPresenter.swift */; };
		727F4CF42BC6E1B600137083 /* FeedLoadingViewModel.swift in Sources */ = {isa = PBXBuildFile; fileRef = 727F4CF32BC6E1B600137083 /* FeedLoadingViewModel.swift */; };
		727F4CF62BC6E1DB00137083 /* FeedViewModel.swift in Sources */ = {isa = PBXBuildFile; fileRef = 727F4CF52BC6E1DB00137083 /* FeedViewModel.swift */; };
		727F4CF82BC6E39400137083 /* FeedImagePresenter.swift in Sources */ = {isa = PBXBuildFile; fileRef = 727F4CF72BC6E39400137083 /* FeedImagePresenter.swift */; };
		727F4CFA2BC98EFF00137083 /* Feed.storyboard in Resources */ = {isa = PBXBuildFile; fileRef = 727F4CF92BC98EFF00137083 /* Feed.storyboard */; };
		727F4CFC2BC98F5100137083 /* Feed.xcassets in Resources */ = {isa = PBXBuildFile; fileRef = 727F4CFB2BC98F5100137083 /* Feed.xcassets */; };
		727F4CFE2BCD801000137083 /* UITableView+Dequeueing.swift in Sources */ = {isa = PBXBuildFile; fileRef = 727F4CFD2BCD801000137083 /* UITableView+Dequeueing.swift */; };
		727F4D002BCD80E700137083 /* UIImageView+Animations.swift in Sources */ = {isa = PBXBuildFile; fileRef = 727F4CFF2BCD80E700137083 /* UIImageView+Animations.swift */; };
		727F4D052BCF1C9700137083 /* FeedViewControllerTests+Localization.swift in Sources */ = {isa = PBXBuildFile; fileRef = 727F4D042BCF1C9700137083 /* FeedViewControllerTests+Localization.swift */; };
		727F4D062BCF254700137083 /* Feed.strings in Resources */ = {isa = PBXBuildFile; fileRef = 727F4D082BCF254700137083 /* Feed.strings */; };
		727F4D0E2BCF2FDE00137083 /* FeedLocalizationTests.swift in Sources */ = {isa = PBXBuildFile; fileRef = 727F4D0D2BCF2FDE00137083 /* FeedLocalizationTests.swift */; };
		727F4D102BCFD26300137083 /* MainQueueDispatchDecorator.swift in Sources */ = {isa = PBXBuildFile; fileRef = 727F4D0F2BCFD26300137083 /* MainQueueDispatchDecorator.swift */; };
		727F4D122BCFD2E600137083 /* WeakRefVirtualProxy.swift in Sources */ = {isa = PBXBuildFile; fileRef = 727F4D112BCFD2E600137083 /* WeakRefVirtualProxy.swift */; };
		727F4D142BCFD34600137083 /* FeedImageDataLoaderPresentationAdapter.swift in Sources */ = {isa = PBXBuildFile; fileRef = 727F4D132BCFD34600137083 /* FeedImageDataLoaderPresentationAdapter.swift */; };
		727F4D162BCFD3F800137083 /* FeedLoaderPresentationAdapter.swift in Sources */ = {isa = PBXBuildFile; fileRef = 727F4D152BCFD3F800137083 /* FeedLoaderPresentationAdapter.swift */; };
		727F4D182BCFD51500137083 /* FeedViewAdapter.swift in Sources */ = {isa = PBXBuildFile; fileRef = 727F4D172BCFD51500137083 /* FeedViewAdapter.swift */; };
		72AD85DF2B59262D00037AFA /* FeedStoreSpy.swift in Sources */ = {isa = PBXBuildFile; fileRef = 72AD85DE2B59262D00037AFA /* FeedStoreSpy.swift */; };
		72AD85E12B5ABE8C00037AFA /* ValidateFeedCacheUseCaseTests.swift in Sources */ = {isa = PBXBuildFile; fileRef = 72AD85E02B5ABE8C00037AFA /* ValidateFeedCacheUseCaseTests.swift */; };
		72AD85E32B5AC50500037AFA /* FeedCacheTestHelpers.swift in Sources */ = {isa = PBXBuildFile; fileRef = 72AD85E22B5AC50500037AFA /* FeedCacheTestHelpers.swift */; };
		72AD85E52B5AC64C00037AFA /* SharedTestHelpers.swift in Sources */ = {isa = PBXBuildFile; fileRef = 72AD85E42B5AC64C00037AFA /* SharedTestHelpers.swift */; };
		72AD85E72B6003CE00037AFA /* FeedCachePolicy.swift in Sources */ = {isa = PBXBuildFile; fileRef = 72AD85E62B6003CE00037AFA /* FeedCachePolicy.swift */; };
		72AD85E92B60FBEC00037AFA /* CodableFeedStoreTests.swift in Sources */ = {isa = PBXBuildFile; fileRef = 72AD85E82B60FBEC00037AFA /* CodableFeedStoreTests.swift */; };
		72B3D1EB2BDAE33600F2226D /* FeedViewController+TestHelpers.swift in Sources */ = {isa = PBXBuildFile; fileRef = 72B3D1EA2BDAE33600F2226D /* FeedViewController+TestHelpers.swift */; };
		72B3D1ED2BDAE49000F2226D /* Localized.swift in Sources */ = {isa = PBXBuildFile; fileRef = 72B3D1EC2BDAE49000F2226D /* Localized.swift */; };
		72B3D1EF2BDAE67300F2226D /* ErrorView.swift in Sources */ = {isa = PBXBuildFile; fileRef = 72B3D1EE2BDAE67300F2226D /* ErrorView.swift */; };
		72CBA13E2AADC901003346E6 /* HTTPClient.swift in Sources */ = {isa = PBXBuildFile; fileRef = 72CBA13D2AADC901003346E6 /* HTTPClient.swift */; };
		72CBA1402AADC95C003346E6 /* FeedItemsMapper.swift in Sources */ = {isa = PBXBuildFile; fileRef = 72CBA13F2AADC95C003346E6 /* FeedItemsMapper.swift */; };
		72D9EDB12B88C90000BF2305 /* EssentialFeediOS.docc in Sources */ = {isa = PBXBuildFile; fileRef = 72D9EDB02B88C90000BF2305 /* EssentialFeediOS.docc */; };
		72D9EDB72B88C90000BF2305 /* EssentialFeediOS.framework in Frameworks */ = {isa = PBXBuildFile; fileRef = 72D9EDAD2B88C90000BF2305 /* EssentialFeediOS.framework */; };
		72D9EDC92B8CA5D900BF2305 /* FeedUIIntegrationTests.swift in Sources */ = {isa = PBXBuildFile; fileRef = 72D9EDC82B8CA5D900BF2305 /* FeedUIIntegrationTests.swift */; };
		72D9EDCB2B8D494A00BF2305 /* EssentialFeed.framework in Frameworks */ = {isa = PBXBuildFile; fileRef = 723856112A85A4F50041395F /* EssentialFeed.framework */; platformFilter = ios; };
		72D9EDCC2B8D494A00BF2305 /* EssentialFeed.framework in Embed Frameworks */ = {isa = PBXBuildFile; fileRef = 723856112A85A4F50041395F /* EssentialFeed.framework */; platformFilter = ios; settings = {ATTRIBUTES = (CodeSignOnCopy, RemoveHeadersOnCopy, ); }; };
		72D9EDD12B8D4A5700BF2305 /* XCTestCase+MemoryLeakTracking.swift in Sources */ = {isa = PBXBuildFile; fileRef = 721D0BEC2AD7CE7A0099EC65 /* XCTestCase+MemoryLeakTracking.swift */; };
		72D9EDD32B8DFEF000BF2305 /* FeedViewController.swift in Sources */ = {isa = PBXBuildFile; fileRef = 72D9EDD22B8DFEF000BF2305 /* FeedViewController.swift */; };
		72D9EDD52B8F8A9200BF2305 /* FeedImageCell.swift in Sources */ = {isa = PBXBuildFile; fileRef = 72D9EDD42B8F8A9200BF2305 /* FeedImageCell.swift */; };
		72D9EDD72B920ECD00BF2305 /* UIView+Shimmering.swift in Sources */ = {isa = PBXBuildFile; fileRef = 72D9EDD62B920ECD00BF2305 /* UIView+Shimmering.swift */; };
		72F1DE9F2B69C20100C1196B /* CodableFeedStore.swift in Sources */ = {isa = PBXBuildFile; fileRef = 72F1DE9E2B69C20100C1196B /* CodableFeedStore.swift */; };
		72F1DEA12B6C059400C1196B /* FeedStoreSpecs.swift in Sources */ = {isa = PBXBuildFile; fileRef = 72F1DEA02B6C059400C1196B /* FeedStoreSpecs.swift */; };
		72F1DEA32B6C062400C1196B /* XCTestCase+FeedStoreSpecs.swift in Sources */ = {isa = PBXBuildFile; fileRef = 72F1DEA22B6C062400C1196B /* XCTestCase+FeedStoreSpecs.swift */; };
		72F1DEA52B6C098500C1196B /* XCTestCase+FailableRetrieveFeedStoreSpecs.swift in Sources */ = {isa = PBXBuildFile; fileRef = 72F1DEA42B6C098500C1196B /* XCTestCase+FailableRetrieveFeedStoreSpecs.swift */; };
		72F1DEA72B6C09F500C1196B /* XCTestCase+FailableInsertFeedStoreSpecs.swift in Sources */ = {isa = PBXBuildFile; fileRef = 72F1DEA62B6C09F500C1196B /* XCTestCase+FailableInsertFeedStoreSpecs.swift */; };
		72F1DEA92B6C0A6600C1196B /* XCTestCase+FailableDeleteFeedStoreSpecs.swift in Sources */ = {isa = PBXBuildFile; fileRef = 72F1DEA82B6C0A6600C1196B /* XCTestCase+FailableDeleteFeedStoreSpecs.swift */; };
		72F1DEAB2B712FC900C1196B /* CoreDataFeedStoreTests.swift in Sources */ = {isa = PBXBuildFile; fileRef = 72F1DEAA2B712FC900C1196B /* CoreDataFeedStoreTests.swift */; };
		72F1DEAD2B71333800C1196B /* CoreDataFeedStore.swift in Sources */ = {isa = PBXBuildFile; fileRef = 72F1DEAC2B71333800C1196B /* CoreDataFeedStore.swift */; };
		72F1DEB22B71389C00C1196B /* FeedStore.xcdatamodeld in Sources */ = {isa = PBXBuildFile; fileRef = 72F1DEB02B71389C00C1196B /* FeedStore.xcdatamodeld */; };
		72F1DEB52B715F5F00C1196B /* CoreDataHelpers.swift in Sources */ = {isa = PBXBuildFile; fileRef = 72F1DEB42B715F5F00C1196B /* CoreDataHelpers.swift */; };
		72F1DEB72B715FB500C1196B /* ManagedCache.swift in Sources */ = {isa = PBXBuildFile; fileRef = 72F1DEB62B715FB500C1196B /* ManagedCache.swift */; };
		72F1DEB92B715FD200C1196B /* ManagedFeedImage.swift in Sources */ = {isa = PBXBuildFile; fileRef = 72F1DEB82B715FD200C1196B /* ManagedFeedImage.swift */; };
		72F1DEC12B7A681E00C1196B /* EssentialFeedCacheIntegrationTests.swift in Sources */ = {isa = PBXBuildFile; fileRef = 72F1DEC02B7A681E00C1196B /* EssentialFeedCacheIntegrationTests.swift */; };
		72F1DEC22B7A681E00C1196B /* EssentialFeed.framework in Frameworks */ = {isa = PBXBuildFile; fileRef = 723856112A85A4F50041395F /* EssentialFeed.framework */; };
		72F1DEC92B7A9D3300C1196B /* XCTestCase+MemoryLeakTracking.swift in Sources */ = {isa = PBXBuildFile; fileRef = 721D0BEC2AD7CE7A0099EC65 /* XCTestCase+MemoryLeakTracking.swift */; };
		72F1DECA2B7AA05700C1196B /* FeedCacheTestHelpers.swift in Sources */ = {isa = PBXBuildFile; fileRef = 72AD85E22B5AC50500037AFA /* FeedCacheTestHelpers.swift */; };
		72F1DECB2B7AA06800C1196B /* SharedTestHelpers.swift in Sources */ = {isa = PBXBuildFile; fileRef = 72AD85E42B5AC64C00037AFA /* SharedTestHelpers.swift */; };
		72F904052AAA89EC007A3AFA /* RemoteFeedLoader.swift in Sources */ = {isa = PBXBuildFile; fileRef = 72F904042AAA89EC007A3AFA /* RemoteFeedLoader.swift */; };
/* End PBXBuildFile section */

/* Begin PBXContainerItemProxy section */
		721D0BFA2AD8B3BE0099EC65 /* PBXContainerItemProxy */ = {
			isa = PBXContainerItemProxy;
			containerPortal = 723856082A85A4F50041395F /* Project object */;
			proxyType = 1;
			remoteGlobalIDString = 723856102A85A4F50041395F;
			remoteInfo = EssentialFeed;
		};
		7238561D2A85A4F50041395F /* PBXContainerItemProxy */ = {
			isa = PBXContainerItemProxy;
			containerPortal = 723856082A85A4F50041395F /* Project object */;
			proxyType = 1;
			remoteGlobalIDString = 723856102A85A4F50041395F;
			remoteInfo = EssentialFeed;
		};
		72D9EDB82B88C90000BF2305 /* PBXContainerItemProxy */ = {
			isa = PBXContainerItemProxy;
			containerPortal = 723856082A85A4F50041395F /* Project object */;
			proxyType = 1;
			remoteGlobalIDString = 72D9EDAC2B88C90000BF2305;
			remoteInfo = EssentialFeediOS;
		};
		72D9EDCD2B8D494A00BF2305 /* PBXContainerItemProxy */ = {
			isa = PBXContainerItemProxy;
			containerPortal = 723856082A85A4F50041395F /* Project object */;
			proxyType = 1;
			remoteGlobalIDString = 723856102A85A4F50041395F;
			remoteInfo = EssentialFeed;
		};
		72F1DEC32B7A681E00C1196B /* PBXContainerItemProxy */ = {
			isa = PBXContainerItemProxy;
			containerPortal = 723856082A85A4F50041395F /* Project object */;
			proxyType = 1;
			remoteGlobalIDString = 723856102A85A4F50041395F;
			remoteInfo = EssentialFeed;
		};
/* End PBXContainerItemProxy section */

/* Begin PBXCopyFilesBuildPhase section */
		72D9EDCF2B8D494A00BF2305 /* Embed Frameworks */ = {
			isa = PBXCopyFilesBuildPhase;
			buildActionMask = 2147483647;
			dstPath = "";
			dstSubfolderSpec = 10;
			files = (
				72D9EDCC2B8D494A00BF2305 /* EssentialFeed.framework in Embed Frameworks */,
			);
			name = "Embed Frameworks";
			runOnlyForDeploymentPostprocessing = 0;
		};
/* End PBXCopyFilesBuildPhase section */

/* Begin PBXFileReference section */
		72003C472B57C78D00A99A88 /* LoadFeedFromCacheUseCaseTests.swift */ = {isa = PBXFileReference; lastKnownFileType = sourcecode.swift; path = LoadFeedFromCacheUseCaseTests.swift; sourceTree = "<group>"; };
		721D0BE92AD3D7EB0099EC65 /* URLSessionHTTPClientTests.swift */ = {isa = PBXFileReference; lastKnownFileType = sourcecode.swift; path = URLSessionHTTPClientTests.swift; sourceTree = "<group>"; };
		721D0BEC2AD7CE7A0099EC65 /* XCTestCase+MemoryLeakTracking.swift */ = {isa = PBXFileReference; lastKnownFileType = sourcecode.swift; path = "XCTestCase+MemoryLeakTracking.swift"; sourceTree = "<group>"; };
		721D0BEE2AD837830099EC65 /* URLSessionHTTPClient.swift */ = {isa = PBXFileReference; lastKnownFileType = sourcecode.swift; path = URLSessionHTTPClient.swift; sourceTree = "<group>"; };
		721D0BF02AD8A51A0099EC65 /* EssentialFeed.xctestplan */ = {isa = PBXFileReference; lastKnownFileType = text; path = EssentialFeed.xctestplan; sourceTree = "<group>"; };
		721D0BF52AD8B3BE0099EC65 /* EssentialFeedAPIEndToEndTests.xctest */ = {isa = PBXFileReference; explicitFileType = wrapper.cfbundle; includeInIndex = 0; path = EssentialFeedAPIEndToEndTests.xctest; sourceTree = BUILT_PRODUCTS_DIR; };
		721D0BF72AD8B3BE0099EC65 /* EssentialFeedAPIEndToEndTests.swift */ = {isa = PBXFileReference; lastKnownFileType = sourcecode.swift; path = EssentialFeedAPIEndToEndTests.swift; sourceTree = "<group>"; };
		721D0C002AD8DBFF0099EC65 /* CI_macOS.xctestplan */ = {isa = PBXFileReference; lastKnownFileType = text; path = CI_macOS.xctestplan; sourceTree = "<group>"; };
		722E5AE52B96474D0060FC9F /* FeedImageDataLoader.swift */ = {isa = PBXFileReference; lastKnownFileType = sourcecode.swift; path = FeedImageDataLoader.swift; sourceTree = "<group>"; };
		722E5AE92B98FDDB0060FC9F /* FeedImageCellController.swift */ = {isa = PBXFileReference; lastKnownFileType = sourcecode.swift; path = FeedImageCellController.swift; sourceTree = "<group>"; };
		722E5AEC2BA9E13C0060FC9F /* FeedUIComposer.swift */ = {isa = PBXFileReference; lastKnownFileType = sourcecode.swift; path = FeedUIComposer.swift; sourceTree = "<group>"; };
		72382F922AEB0F77005C9DC0 /* CacheFeedUseCaseTests.swift */ = {isa = PBXFileReference; lastKnownFileType = sourcecode.swift; path = CacheFeedUseCaseTests.swift; sourceTree = "<group>"; };
		723856112A85A4F50041395F /* EssentialFeed.framework */ = {isa = PBXFileReference; explicitFileType = wrapper.framework; includeInIndex = 0; path = EssentialFeed.framework; sourceTree = BUILT_PRODUCTS_DIR; };
		723856142A85A4F50041395F /* EssentialFeed.h */ = {isa = PBXFileReference; lastKnownFileType = sourcecode.c.h; path = EssentialFeed.h; sourceTree = "<group>"; };
		723856152A85A4F50041395F /* EssentialFeed.docc */ = {isa = PBXFileReference; lastKnownFileType = folder.documentationcatalog; path = EssentialFeed.docc; sourceTree = "<group>"; };
		7238561B2A85A4F50041395F /* EssentialFeedTests.xctest */ = {isa = PBXFileReference; explicitFileType = wrapper.cfbundle; includeInIndex = 0; path = EssentialFeedTests.xctest; sourceTree = BUILT_PRODUCTS_DIR; };
		7238562B2A85A5300041395F /* FeedImage.swift */ = {isa = PBXFileReference; lastKnownFileType = sourcecode.swift; path = FeedImage.swift; sourceTree = "<group>"; };
		7238562D2A85B44A0041395F /* FeedLoader.swift */ = {isa = PBXFileReference; lastKnownFileType = sourcecode.swift; path = FeedLoader.swift; sourceTree = "<group>"; };
		723856302A85B7790041395F /* RemoteFeedLoaderTests.swift */ = {isa = PBXFileReference; lastKnownFileType = sourcecode.swift; path = RemoteFeedLoaderTests.swift; sourceTree = "<group>"; };
		7275313F2B552B91008252F6 /* LocalFeedLoader.swift */ = {isa = PBXFileReference; lastKnownFileType = sourcecode.swift; path = LocalFeedLoader.swift; sourceTree = "<group>"; };
		727531412B552D28008252F6 /* FeedStore.swift */ = {isa = PBXFileReference; lastKnownFileType = sourcecode.swift; path = FeedStore.swift; sourceTree = "<group>"; };
		727531432B55E4D4008252F6 /* RemoteFeedITem.swift */ = {isa = PBXFileReference; lastKnownFileType = sourcecode.swift; path = RemoteFeedITem.swift; sourceTree = "<group>"; };
		727531452B55E523008252F6 /* LocalFeedImage.swift */ = {isa = PBXFileReference; lastKnownFileType = sourcecode.swift; path = LocalFeedImage.swift; sourceTree = "<group>"; };
		727F4CE32BBDC45D00137083 /* FeedImageViewModel.swift */ = {isa = PBXFileReference; lastKnownFileType = sourcecode.swift; path = FeedImageViewModel.swift; sourceTree = "<group>"; };
		727F4CE52BBF340200137083 /* FeedPresenter.swift */ = {isa = PBXFileReference; lastKnownFileType = sourcecode.swift; path = FeedPresenter.swift; sourceTree = "<group>"; };
		727F4CF32BC6E1B600137083 /* FeedLoadingViewModel.swift */ = {isa = PBXFileReference; lastKnownFileType = sourcecode.swift; path = FeedLoadingViewModel.swift; sourceTree = "<group>"; };
		727F4CF52BC6E1DB00137083 /* FeedViewModel.swift */ = {isa = PBXFileReference; lastKnownFileType = sourcecode.swift; path = FeedViewModel.swift; sourceTree = "<group>"; };
		727F4CF72BC6E39400137083 /* FeedImagePresenter.swift */ = {isa = PBXFileReference; lastKnownFileType = sourcecode.swift; path = FeedImagePresenter.swift; sourceTree = "<group>"; };
		727F4CF92BC98EFF00137083 /* Feed.storyboard */ = {isa = PBXFileReference; fileEncoding = 4; lastKnownFileType = file.storyboard; path = Feed.storyboard; sourceTree = "<group>"; };
		727F4CFB2BC98F5100137083 /* Feed.xcassets */ = {isa = PBXFileReference; lastKnownFileType = folder.assetcatalog; path = Feed.xcassets; sourceTree = "<group>"; };
		727F4CFD2BCD801000137083 /* UITableView+Dequeueing.swift */ = {isa = PBXFileReference; lastKnownFileType = sourcecode.swift; path = "UITableView+Dequeueing.swift"; sourceTree = "<group>"; };
		727F4CFF2BCD80E700137083 /* UIImageView+Animations.swift */ = {isa = PBXFileReference; lastKnownFileType = sourcecode.swift; path = "UIImageView+Animations.swift"; sourceTree = "<group>"; };
		727F4D042BCF1C9700137083 /* FeedViewControllerTests+Localization.swift */ = {isa = PBXFileReference; lastKnownFileType = sourcecode.swift; path = "FeedViewControllerTests+Localization.swift"; sourceTree = "<group>"; };
		727F4D072BCF254700137083 /* en */ = {isa = PBXFileReference; lastKnownFileType = text.plist.strings; name = en; path = en.lproj/Feed.strings; sourceTree = "<group>"; };
		727F4D092BCF2ED200137083 /* pt-BR */ = {isa = PBXFileReference; lastKnownFileType = text.plist.strings; name = "pt-BR"; path = "pt-BR.lproj/Feed.strings"; sourceTree = "<group>"; };
		727F4D0A2BCF2F1700137083 /* el */ = {isa = PBXFileReference; lastKnownFileType = text.plist.strings; name = el; path = el.lproj/Feed.strings; sourceTree = "<group>"; };
		727F4D0D2BCF2FDE00137083 /* FeedLocalizationTests.swift */ = {isa = PBXFileReference; lastKnownFileType = sourcecode.swift; path = FeedLocalizationTests.swift; sourceTree = "<group>"; };
		727F4D0F2BCFD26300137083 /* MainQueueDispatchDecorator.swift */ = {isa = PBXFileReference; lastKnownFileType = sourcecode.swift; path = MainQueueDispatchDecorator.swift; sourceTree = "<group>"; };
		727F4D112BCFD2E600137083 /* WeakRefVirtualProxy.swift */ = {isa = PBXFileReference; lastKnownFileType = sourcecode.swift; path = WeakRefVirtualProxy.swift; sourceTree = "<group>"; };
		727F4D132BCFD34600137083 /* FeedImageDataLoaderPresentationAdapter.swift */ = {isa = PBXFileReference; lastKnownFileType = sourcecode.swift; path = FeedImageDataLoaderPresentationAdapter.swift; sourceTree = "<group>"; };
		727F4D152BCFD3F800137083 /* FeedLoaderPresentationAdapter.swift */ = {isa = PBXFileReference; lastKnownFileType = sourcecode.swift; path = FeedLoaderPresentationAdapter.swift; sourceTree = "<group>"; };
		727F4D172BCFD51500137083 /* FeedViewAdapter.swift */ = {isa = PBXFileReference; lastKnownFileType = sourcecode.swift; path = FeedViewAdapter.swift; sourceTree = "<group>"; };
		72AD85DE2B59262D00037AFA /* FeedStoreSpy.swift */ = {isa = PBXFileReference; lastKnownFileType = sourcecode.swift; path = FeedStoreSpy.swift; sourceTree = "<group>"; };
		72AD85E02B5ABE8C00037AFA /* ValidateFeedCacheUseCaseTests.swift */ = {isa = PBXFileReference; lastKnownFileType = sourcecode.swift; path = ValidateFeedCacheUseCaseTests.swift; sourceTree = "<group>"; };
		72AD85E22B5AC50500037AFA /* FeedCacheTestHelpers.swift */ = {isa = PBXFileReference; lastKnownFileType = sourcecode.swift; path = FeedCacheTestHelpers.swift; sourceTree = "<group>"; };
		72AD85E42B5AC64C00037AFA /* SharedTestHelpers.swift */ = {isa = PBXFileReference; lastKnownFileType = sourcecode.swift; path = SharedTestHelpers.swift; sourceTree = "<group>"; };
		72AD85E62B6003CE00037AFA /* FeedCachePolicy.swift */ = {isa = PBXFileReference; lastKnownFileType = sourcecode.swift; path = FeedCachePolicy.swift; sourceTree = "<group>"; };
		72AD85E82B60FBEC00037AFA /* CodableFeedStoreTests.swift */ = {isa = PBXFileReference; lastKnownFileType = sourcecode.swift; path = CodableFeedStoreTests.swift; sourceTree = "<group>"; };
		72B3D1EA2BDAE33600F2226D /* FeedViewController+TestHelpers.swift */ = {isa = PBXFileReference; lastKnownFileType = sourcecode.swift; path = "FeedViewController+TestHelpers.swift"; sourceTree = "<group>"; };
		72B3D1EC2BDAE49000F2226D /* Localized.swift */ = {isa = PBXFileReference; lastKnownFileType = sourcecode.swift; path = Localized.swift; sourceTree = "<group>"; };
		72B3D1EE2BDAE67300F2226D /* ErrorView.swift */ = {isa = PBXFileReference; lastKnownFileType = sourcecode.swift; path = ErrorView.swift; sourceTree = "<group>"; };
		72CBA13D2AADC901003346E6 /* HTTPClient.swift */ = {isa = PBXFileReference; lastKnownFileType = sourcecode.swift; path = HTTPClient.swift; sourceTree = "<group>"; };
		72CBA13F2AADC95C003346E6 /* FeedItemsMapper.swift */ = {isa = PBXFileReference; lastKnownFileType = sourcecode.swift; path = FeedItemsMapper.swift; sourceTree = "<group>"; };
		72D9EDA72B88BE4800BF2305 /* EssentialFeedAPIEndToEndTests.xctestplan */ = {isa = PBXFileReference; lastKnownFileType = text; path = EssentialFeedAPIEndToEndTests.xctestplan; sourceTree = "<group>"; };
		72D9EDAD2B88C90000BF2305 /* EssentialFeediOS.framework */ = {isa = PBXFileReference; explicitFileType = wrapper.framework; includeInIndex = 0; path = EssentialFeediOS.framework; sourceTree = BUILT_PRODUCTS_DIR; };
		72D9EDB02B88C90000BF2305 /* EssentialFeediOS.docc */ = {isa = PBXFileReference; lastKnownFileType = folder.documentationcatalog; path = EssentialFeediOS.docc; sourceTree = "<group>"; };
		72D9EDB62B88C90000BF2305 /* EssentialFeediOSTests.xctest */ = {isa = PBXFileReference; explicitFileType = wrapper.cfbundle; includeInIndex = 0; path = EssentialFeediOSTests.xctest; sourceTree = BUILT_PRODUCTS_DIR; };
		72D9EDC42B88C96100BF2305 /* EssentialFeediOS.xctestplan */ = {isa = PBXFileReference; lastKnownFileType = text; path = EssentialFeediOS.xctestplan; sourceTree = "<group>"; };
		72D9EDC62B8B95F700BF2305 /* CI_iOS.xctestplan */ = {isa = PBXFileReference; lastKnownFileType = text; path = CI_iOS.xctestplan; sourceTree = "<group>"; };
		72D9EDC72B8CA5D900BF2305 /* EssentialFeediOSTests-Bridging-Header.h */ = {isa = PBXFileReference; lastKnownFileType = sourcecode.c.h; path = "EssentialFeediOSTests-Bridging-Header.h"; sourceTree = "<group>"; };
		72D9EDC82B8CA5D900BF2305 /* FeedUIIntegrationTests.swift */ = {isa = PBXFileReference; lastKnownFileType = sourcecode.swift; path = FeedUIIntegrationTests.swift; sourceTree = "<group>"; };
		72D9EDD22B8DFEF000BF2305 /* FeedViewController.swift */ = {isa = PBXFileReference; lastKnownFileType = sourcecode.swift; path = FeedViewController.swift; sourceTree = "<group>"; };
		72D9EDD42B8F8A9200BF2305 /* FeedImageCell.swift */ = {isa = PBXFileReference; lastKnownFileType = sourcecode.swift; path = FeedImageCell.swift; sourceTree = "<group>"; };
		72D9EDD62B920ECD00BF2305 /* UIView+Shimmering.swift */ = {isa = PBXFileReference; lastKnownFileType = sourcecode.swift; path = "UIView+Shimmering.swift"; sourceTree = "<group>"; };
		72F1DE9E2B69C20100C1196B /* CodableFeedStore.swift */ = {isa = PBXFileReference; lastKnownFileType = sourcecode.swift; path = CodableFeedStore.swift; sourceTree = "<group>"; };
		72F1DEA02B6C059400C1196B /* FeedStoreSpecs.swift */ = {isa = PBXFileReference; lastKnownFileType = sourcecode.swift; path = FeedStoreSpecs.swift; sourceTree = "<group>"; };
		72F1DEA22B6C062400C1196B /* XCTestCase+FeedStoreSpecs.swift */ = {isa = PBXFileReference; lastKnownFileType = sourcecode.swift; path = "XCTestCase+FeedStoreSpecs.swift"; sourceTree = "<group>"; };
		72F1DEA42B6C098500C1196B /* XCTestCase+FailableRetrieveFeedStoreSpecs.swift */ = {isa = PBXFileReference; lastKnownFileType = sourcecode.swift; path = "XCTestCase+FailableRetrieveFeedStoreSpecs.swift"; sourceTree = "<group>"; };
		72F1DEA62B6C09F500C1196B /* XCTestCase+FailableInsertFeedStoreSpecs.swift */ = {isa = PBXFileReference; lastKnownFileType = sourcecode.swift; path = "XCTestCase+FailableInsertFeedStoreSpecs.swift"; sourceTree = "<group>"; };
		72F1DEA82B6C0A6600C1196B /* XCTestCase+FailableDeleteFeedStoreSpecs.swift */ = {isa = PBXFileReference; lastKnownFileType = sourcecode.swift; path = "XCTestCase+FailableDeleteFeedStoreSpecs.swift"; sourceTree = "<group>"; };
		72F1DEAA2B712FC900C1196B /* CoreDataFeedStoreTests.swift */ = {isa = PBXFileReference; lastKnownFileType = sourcecode.swift; path = CoreDataFeedStoreTests.swift; sourceTree = "<group>"; };
		72F1DEAC2B71333800C1196B /* CoreDataFeedStore.swift */ = {isa = PBXFileReference; lastKnownFileType = sourcecode.swift; path = CoreDataFeedStore.swift; sourceTree = "<group>"; };
		72F1DEB12B71389C00C1196B /* FeedStore.xcdatamodel */ = {isa = PBXFileReference; lastKnownFileType = wrapper.xcdatamodel; path = FeedStore.xcdatamodel; sourceTree = "<group>"; };
		72F1DEB42B715F5F00C1196B /* CoreDataHelpers.swift */ = {isa = PBXFileReference; lastKnownFileType = sourcecode.swift; path = CoreDataHelpers.swift; sourceTree = "<group>"; };
		72F1DEB62B715FB500C1196B /* ManagedCache.swift */ = {isa = PBXFileReference; lastKnownFileType = sourcecode.swift; path = ManagedCache.swift; sourceTree = "<group>"; };
		72F1DEB82B715FD200C1196B /* ManagedFeedImage.swift */ = {isa = PBXFileReference; lastKnownFileType = sourcecode.swift; path = ManagedFeedImage.swift; sourceTree = "<group>"; };
		72F1DEBE2B7A681E00C1196B /* EssentialFeedCacheIntegrationTests.xctest */ = {isa = PBXFileReference; explicitFileType = wrapper.cfbundle; includeInIndex = 0; path = EssentialFeedCacheIntegrationTests.xctest; sourceTree = BUILT_PRODUCTS_DIR; };
		72F1DEC02B7A681E00C1196B /* EssentialFeedCacheIntegrationTests.swift */ = {isa = PBXFileReference; lastKnownFileType = sourcecode.swift; path = EssentialFeedCacheIntegrationTests.swift; sourceTree = "<group>"; };
		72F1DEC82B7A689C00C1196B /* EssentialFeedCacheIntegrationTests.xctestplan */ = {isa = PBXFileReference; lastKnownFileType = text; path = EssentialFeedCacheIntegrationTests.xctestplan; sourceTree = "<group>"; };
		72F904042AAA89EC007A3AFA /* RemoteFeedLoader.swift */ = {isa = PBXFileReference; lastKnownFileType = sourcecode.swift; path = RemoteFeedLoader.swift; sourceTree = "<group>"; };
/* End PBXFileReference section */

/* Begin PBXFrameworksBuildPhase section */
		721D0BF22AD8B3BE0099EC65 /* Frameworks */ = {
			isa = PBXFrameworksBuildPhase;
			buildActionMask = 2147483647;
			files = (
				721D0BF92AD8B3BE0099EC65 /* EssentialFeed.framework in Frameworks */,
			);
			runOnlyForDeploymentPostprocessing = 0;
		};
		7238560E2A85A4F50041395F /* Frameworks */ = {
			isa = PBXFrameworksBuildPhase;
			buildActionMask = 2147483647;
			files = (
			);
			runOnlyForDeploymentPostprocessing = 0;
		};
		723856182A85A4F50041395F /* Frameworks */ = {
			isa = PBXFrameworksBuildPhase;
			buildActionMask = 2147483647;
			files = (
				7238561C2A85A4F50041395F /* EssentialFeed.framework in Frameworks */,
			);
			runOnlyForDeploymentPostprocessing = 0;
		};
		72D9EDAA2B88C90000BF2305 /* Frameworks */ = {
			isa = PBXFrameworksBuildPhase;
			buildActionMask = 2147483647;
			files = (
				72D9EDCB2B8D494A00BF2305 /* EssentialFeed.framework in Frameworks */,
			);
			runOnlyForDeploymentPostprocessing = 0;
		};
		72D9EDB32B88C90000BF2305 /* Frameworks */ = {
			isa = PBXFrameworksBuildPhase;
			buildActionMask = 2147483647;
			files = (
				72D9EDB72B88C90000BF2305 /* EssentialFeediOS.framework in Frameworks */,
			);
			runOnlyForDeploymentPostprocessing = 0;
		};
		72F1DEBB2B7A681E00C1196B /* Frameworks */ = {
			isa = PBXFrameworksBuildPhase;
			buildActionMask = 2147483647;
			files = (
				72F1DEC22B7A681E00C1196B /* EssentialFeed.framework in Frameworks */,
			);
			runOnlyForDeploymentPostprocessing = 0;
		};
/* End PBXFrameworksBuildPhase section */

/* Begin PBXGroup section */
		721D0BEB2AD7CE660099EC65 /* Helpers */ = {
			isa = PBXGroup;
			children = (
				721D0BEC2AD7CE7A0099EC65 /* XCTestCase+MemoryLeakTracking.swift */,
				72AD85E42B5AC64C00037AFA /* SharedTestHelpers.swift */,
			);
			path = Helpers;
			sourceTree = "<group>";
		};
		721D0BF62AD8B3BE0099EC65 /* EssentialFeedAPIEndToEndTests */ = {
			isa = PBXGroup;
			children = (
				721D0BF72AD8B3BE0099EC65 /* EssentialFeedAPIEndToEndTests.swift */,
			);
			path = EssentialFeedAPIEndToEndTests;
			sourceTree = "<group>";
		};
		722E5AE12B9646F70060FC9F /* FeedUI */ = {
			isa = PBXGroup;
			children = (
				722E5AEB2BA9E11C0060FC9F /* Composers */,
				722E5AE22B9647060060FC9F /* Controllers */,
				722E5AE32B9647170060FC9F /* Views */,
			);
			path = FeedUI;
			sourceTree = "<group>";
		};
		722E5AE22B9647060060FC9F /* Controllers */ = {
			isa = PBXGroup;
			children = (
				72D9EDD22B8DFEF000BF2305 /* FeedViewController.swift */,
				722E5AE92B98FDDB0060FC9F /* FeedImageCellController.swift */,
			);
			path = Controllers;
			sourceTree = "<group>";
		};
		722E5AE32B9647170060FC9F /* Views */ = {
			isa = PBXGroup;
			children = (
				72B3D1F02BDAE97D00F2226D /* Helpers */,
				72D9EDD42B8F8A9200BF2305 /* FeedImageCell.swift */,
				72B3D1EE2BDAE67300F2226D /* ErrorView.swift */,
				727F4CF92BC98EFF00137083 /* Feed.storyboard */,
				727F4CFB2BC98F5100137083 /* Feed.xcassets */,
			);
			path = Views;
			sourceTree = "<group>";
		};
		722E5AE42B96472E0060FC9F /* FeedImageLoader */ = {
			isa = PBXGroup;
			children = (
				722E5AE52B96474D0060FC9F /* FeedImageDataLoader.swift */,
			);
			path = FeedImageLoader;
			sourceTree = "<group>";
		};
		722E5AEB2BA9E11C0060FC9F /* Composers */ = {
			isa = PBXGroup;
			children = (
				722E5AEC2BA9E13C0060FC9F /* FeedUIComposer.swift */,
				727F4D0F2BCFD26300137083 /* MainQueueDispatchDecorator.swift */,
				727F4D112BCFD2E600137083 /* WeakRefVirtualProxy.swift */,
				727F4D132BCFD34600137083 /* FeedImageDataLoaderPresentationAdapter.swift */,
				727F4D152BCFD3F800137083 /* FeedLoaderPresentationAdapter.swift */,
				727F4D172BCFD51500137083 /* FeedViewAdapter.swift */,
			);
			path = Composers;
			sourceTree = "<group>";
		};
		72382F912AEB0F54005C9DC0 /* FeedCache */ = {
			isa = PBXGroup;
			children = (
				72AD85DD2B59261F00037AFA /* Helpers */,
				72382F922AEB0F77005C9DC0 /* CacheFeedUseCaseTests.swift */,
				72003C472B57C78D00A99A88 /* LoadFeedFromCacheUseCaseTests.swift */,
				72AD85E02B5ABE8C00037AFA /* ValidateFeedCacheUseCaseTests.swift */,
				72AD85E82B60FBEC00037AFA /* CodableFeedStoreTests.swift */,
				72F1DEAA2B712FC900C1196B /* CoreDataFeedStoreTests.swift */,
				72F1DEA02B6C059400C1196B /* FeedStoreSpecs.swift */,
				72F1DEA22B6C062400C1196B /* XCTestCase+FeedStoreSpecs.swift */,
				72F1DEA42B6C098500C1196B /* XCTestCase+FailableRetrieveFeedStoreSpecs.swift */,
				72F1DEA62B6C09F500C1196B /* XCTestCase+FailableInsertFeedStoreSpecs.swift */,
				72F1DEA82B6C0A6600C1196B /* XCTestCase+FailableDeleteFeedStoreSpecs.swift */,
			);
			path = FeedCache;
			sourceTree = "<group>";
		};
		723856072A85A4F50041395F = {
			isa = PBXGroup;
			children = (
				72D9EDC42B88C96100BF2305 /* EssentialFeediOS.xctestplan */,
				72D9EDA72B88BE4800BF2305 /* EssentialFeedAPIEndToEndTests.xctestplan */,
				72F1DEC82B7A689C00C1196B /* EssentialFeedCacheIntegrationTests.xctestplan */,
				721D0C002AD8DBFF0099EC65 /* CI_macOS.xctestplan */,
				72D9EDC62B8B95F700BF2305 /* CI_iOS.xctestplan */,
				721D0BF02AD8A51A0099EC65 /* EssentialFeed.xctestplan */,
				723856132A85A4F50041395F /* EssentialFeed */,
				7238561F2A85A4F50041395F /* EssentialFeedTests */,
				721D0BF62AD8B3BE0099EC65 /* EssentialFeedAPIEndToEndTests */,
				72F1DEBF2B7A681E00C1196B /* EssentialFeedCacheIntegrationTests */,
				72D9EDAE2B88C90000BF2305 /* EssentialFeediOS */,
				72D9EDBA2B88C90000BF2305 /* EssentialFeediOSTests */,
				723856122A85A4F50041395F /* Products */,
				72D9EDCA2B8D494A00BF2305 /* Frameworks */,
			);
			sourceTree = "<group>";
		};
		723856122A85A4F50041395F /* Products */ = {
			isa = PBXGroup;
			children = (
				723856112A85A4F50041395F /* EssentialFeed.framework */,
				7238561B2A85A4F50041395F /* EssentialFeedTests.xctest */,
				721D0BF52AD8B3BE0099EC65 /* EssentialFeedAPIEndToEndTests.xctest */,
				72F1DEBE2B7A681E00C1196B /* EssentialFeedCacheIntegrationTests.xctest */,
				72D9EDAD2B88C90000BF2305 /* EssentialFeediOS.framework */,
				72D9EDB62B88C90000BF2305 /* EssentialFeediOSTests.xctest */,
			);
			name = Products;
			sourceTree = "<group>";
		};
		723856132A85A4F50041395F /* EssentialFeed */ = {
			isa = PBXGroup;
			children = (
				723856142A85A4F50041395F /* EssentialFeed.h */,
				723856152A85A4F50041395F /* EssentialFeed.docc */,
				7275313E2B552B64008252F6 /* Feed Cache */,
				7238562F2A85B5630041395F /* Feed Feature */,
				72F904032AAA89D3007A3AFA /* Feed API */,
			);
			path = EssentialFeed;
			sourceTree = "<group>";
		};
		7238561F2A85A4F50041395F /* EssentialFeedTests */ = {
			isa = PBXGroup;
			children = (
				721D0BEB2AD7CE660099EC65 /* Helpers */,
				72382F912AEB0F54005C9DC0 /* FeedCache */,
				72CBA1412AB10297003346E6 /* FeedAPI */,
			);
			path = EssentialFeedTests;
			sourceTree = "<group>";
		};
		7238562F2A85B5630041395F /* Feed Feature */ = {
			isa = PBXGroup;
			children = (
				7238562B2A85A5300041395F /* FeedImage.swift */,
				7238562D2A85B44A0041395F /* FeedLoader.swift */,
			);
			path = "Feed Feature";
			sourceTree = "<group>";
		};
		7275313E2B552B64008252F6 /* Feed Cache */ = {
			isa = PBXGroup;
			children = (
				72F1DEAE2B71383200C1196B /* Infrastructure */,
				727531412B552D28008252F6 /* FeedStore.swift */,
				7275313F2B552B91008252F6 /* LocalFeedLoader.swift */,
				727531452B55E523008252F6 /* LocalFeedImage.swift */,
				72AD85E62B6003CE00037AFA /* FeedCachePolicy.swift */,
			);
			path = "Feed Cache";
			sourceTree = "<group>";
		};
		727F4CE02BBD9B3400137083 /* FeedPresentation */ = {
			isa = PBXGroup;
			children = (
				727F4CE32BBDC45D00137083 /* FeedImageViewModel.swift */,
				727F4CE52BBF340200137083 /* FeedPresenter.swift */,
				727F4CF32BC6E1B600137083 /* FeedLoadingViewModel.swift */,
				727F4CF52BC6E1DB00137083 /* FeedViewModel.swift */,
				727F4CF72BC6E39400137083 /* FeedImagePresenter.swift */,
				72B3D1EC2BDAE49000F2226D /* Localized.swift */,
				727F4D082BCF254700137083 /* Feed.strings */,
			);
			path = FeedPresentation;
			sourceTree = "<group>";
		};
		727F4D032BCF1C6C00137083 /* Helpers */ = {
			isa = PBXGroup;
			children = (
				727F4D042BCF1C9700137083 /* FeedViewControllerTests+Localization.swift */,
				72B3D1EA2BDAE33600F2226D /* FeedViewController+TestHelpers.swift */,
			);
			path = Helpers;
			sourceTree = "<group>";
		};
		727F4D0B2BCF2FBA00137083 /* FeedPresentation */ = {
			isa = PBXGroup;
			children = (
				727F4D0D2BCF2FDE00137083 /* FeedLocalizationTests.swift */,
			);
			path = FeedPresentation;
			sourceTree = "<group>";
		};
		727F4D0C2BCF2FC400137083 /* FeedUI */ = {
			isa = PBXGroup;
			children = (
				727F4D032BCF1C6C00137083 /* Helpers */,
				72D9EDC82B8CA5D900BF2305 /* FeedUIIntegrationTests.swift */,
			);
			path = FeedUI;
			sourceTree = "<group>";
		};
		72AD85DD2B59261F00037AFA /* Helpers */ = {
			isa = PBXGroup;
			children = (
				72AD85DE2B59262D00037AFA /* FeedStoreSpy.swift */,
				72AD85E22B5AC50500037AFA /* FeedCacheTestHelpers.swift */,
			);
			path = Helpers;
			sourceTree = "<group>";
		};
		72B3D1F02BDAE97D00F2226D /* Helpers */ = {
			isa = PBXGroup;
			children = (
				72D9EDD62B920ECD00BF2305 /* UIView+Shimmering.swift */,
				727F4CFD2BCD801000137083 /* UITableView+Dequeueing.swift */,
				727F4CFF2BCD80E700137083 /* UIImageView+Animations.swift */,
			);
			path = Helpers;
			sourceTree = "<group>";
		};
		72CBA1412AB10297003346E6 /* FeedAPI */ = {
			isa = PBXGroup;
			children = (
				723856302A85B7790041395F /* RemoteFeedLoaderTests.swift */,
				721D0BE92AD3D7EB0099EC65 /* URLSessionHTTPClientTests.swift */,
			);
			path = FeedAPI;
			sourceTree = "<group>";
		};
		72D9EDAE2B88C90000BF2305 /* EssentialFeediOS */ = {
			isa = PBXGroup;
			children = (
				722E5AE42B96472E0060FC9F /* FeedImageLoader */,
				727F4CE02BBD9B3400137083 /* FeedPresentation */,
				722E5AE12B9646F70060FC9F /* FeedUI */,
				72D9EDB02B88C90000BF2305 /* EssentialFeediOS.docc */,
			);
			path = EssentialFeediOS;
			sourceTree = "<group>";
		};
		72D9EDBA2B88C90000BF2305 /* EssentialFeediOSTests */ = {
			isa = PBXGroup;
			children = (
				727F4D0C2BCF2FC400137083 /* FeedUI */,
				727F4D0B2BCF2FBA00137083 /* FeedPresentation */,
				72D9EDC72B8CA5D900BF2305 /* EssentialFeediOSTests-Bridging-Header.h */,
			);
			path = EssentialFeediOSTests;
			sourceTree = "<group>";
		};
		72D9EDCA2B8D494A00BF2305 /* Frameworks */ = {
			isa = PBXGroup;
			children = (
			);
			name = Frameworks;
			sourceTree = "<group>";
		};
		72F1DEAE2B71383200C1196B /* Infrastructure */ = {
			isa = PBXGroup;
			children = (
				72F1DEB32B715F1E00C1196B /* Codable */,
				72F1DEAF2B71385800C1196B /* CoreData */,
			);
			path = Infrastructure;
			sourceTree = "<group>";
		};
		72F1DEAF2B71385800C1196B /* CoreData */ = {
			isa = PBXGroup;
			children = (
				72F1DEAC2B71333800C1196B /* CoreDataFeedStore.swift */,
				72F1DEB02B71389C00C1196B /* FeedStore.xcdatamodeld */,
				72F1DEB42B715F5F00C1196B /* CoreDataHelpers.swift */,
				72F1DEB62B715FB500C1196B /* ManagedCache.swift */,
				72F1DEB82B715FD200C1196B /* ManagedFeedImage.swift */,
			);
			path = CoreData;
			sourceTree = "<group>";
		};
		72F1DEB32B715F1E00C1196B /* Codable */ = {
			isa = PBXGroup;
			children = (
				72F1DE9E2B69C20100C1196B /* CodableFeedStore.swift */,
			);
			path = Codable;
			sourceTree = "<group>";
		};
		72F1DEBF2B7A681E00C1196B /* EssentialFeedCacheIntegrationTests */ = {
			isa = PBXGroup;
			children = (
				72F1DEC02B7A681E00C1196B /* EssentialFeedCacheIntegrationTests.swift */,
			);
			path = EssentialFeedCacheIntegrationTests;
			sourceTree = "<group>";
		};
		72F904032AAA89D3007A3AFA /* Feed API */ = {
			isa = PBXGroup;
			children = (
				72F904042AAA89EC007A3AFA /* RemoteFeedLoader.swift */,
				72CBA13D2AADC901003346E6 /* HTTPClient.swift */,
				727531432B55E4D4008252F6 /* RemoteFeedITem.swift */,
				72CBA13F2AADC95C003346E6 /* FeedItemsMapper.swift */,
				721D0BEE2AD837830099EC65 /* URLSessionHTTPClient.swift */,
			);
			path = "Feed API";
			sourceTree = "<group>";
		};
/* End PBXGroup section */

/* Begin PBXHeadersBuildPhase section */
		7238560C2A85A4F50041395F /* Headers */ = {
			isa = PBXHeadersBuildPhase;
			buildActionMask = 2147483647;
			files = (
				723856222A85A4F50041395F /* EssentialFeed.h in Headers */,
			);
			runOnlyForDeploymentPostprocessing = 0;
		};
		72D9EDA82B88C90000BF2305 /* Headers */ = {
			isa = PBXHeadersBuildPhase;
			buildActionMask = 2147483647;
			files = (
			);
			runOnlyForDeploymentPostprocessing = 0;
		};
/* End PBXHeadersBuildPhase section */

/* Begin PBXNativeTarget section */
		721D0BF42AD8B3BE0099EC65 /* EssentialFeedAPIEndToEndTests */ = {
			isa = PBXNativeTarget;
			buildConfigurationList = 721D0BFC2AD8B3BE0099EC65 /* Build configuration list for PBXNativeTarget "EssentialFeedAPIEndToEndTests" */;
			buildPhases = (
				721D0BF12AD8B3BE0099EC65 /* Sources */,
				721D0BF22AD8B3BE0099EC65 /* Frameworks */,
				721D0BF32AD8B3BE0099EC65 /* Resources */,
			);
			buildRules = (
			);
			dependencies = (
				721D0BFB2AD8B3BE0099EC65 /* PBXTargetDependency */,
			);
			name = EssentialFeedAPIEndToEndTests;
			productName = EssentialFeedAPIEndToEndTests;
			productReference = 721D0BF52AD8B3BE0099EC65 /* EssentialFeedAPIEndToEndTests.xctest */;
			productType = "com.apple.product-type.bundle.unit-test";
		};
		723856102A85A4F50041395F /* EssentialFeed */ = {
			isa = PBXNativeTarget;
			buildConfigurationList = 723856252A85A4F50041395F /* Build configuration list for PBXNativeTarget "EssentialFeed" */;
			buildPhases = (
				7238560C2A85A4F50041395F /* Headers */,
				7238560D2A85A4F50041395F /* Sources */,
				7238560E2A85A4F50041395F /* Frameworks */,
				7238560F2A85A4F50041395F /* Resources */,
			);
			buildRules = (
			);
			dependencies = (
			);
			name = EssentialFeed;
			productName = EssentialFeed;
			productReference = 723856112A85A4F50041395F /* EssentialFeed.framework */;
			productType = "com.apple.product-type.framework";
		};
		7238561A2A85A4F50041395F /* EssentialFeedTests */ = {
			isa = PBXNativeTarget;
			buildConfigurationList = 723856282A85A4F50041395F /* Build configuration list for PBXNativeTarget "EssentialFeedTests" */;
			buildPhases = (
				723856172A85A4F50041395F /* Sources */,
				723856182A85A4F50041395F /* Frameworks */,
				723856192A85A4F50041395F /* Resources */,
			);
			buildRules = (
			);
			dependencies = (
				7238561E2A85A4F50041395F /* PBXTargetDependency */,
			);
			name = EssentialFeedTests;
			productName = EssentialFeedTests;
			productReference = 7238561B2A85A4F50041395F /* EssentialFeedTests.xctest */;
			productType = "com.apple.product-type.bundle.unit-test";
		};
		72D9EDAC2B88C90000BF2305 /* EssentialFeediOS */ = {
			isa = PBXNativeTarget;
			buildConfigurationList = 72D9EDBE2B88C90000BF2305 /* Build configuration list for PBXNativeTarget "EssentialFeediOS" */;
			buildPhases = (
				72D9EDA82B88C90000BF2305 /* Headers */,
				72D9EDA92B88C90000BF2305 /* Sources */,
				72D9EDAA2B88C90000BF2305 /* Frameworks */,
				72D9EDAB2B88C90000BF2305 /* Resources */,
				72D9EDCF2B8D494A00BF2305 /* Embed Frameworks */,
			);
			buildRules = (
			);
			dependencies = (
				72D9EDCE2B8D494A00BF2305 /* PBXTargetDependency */,
			);
			name = EssentialFeediOS;
			productName = EssentialFeediOS;
			productReference = 72D9EDAD2B88C90000BF2305 /* EssentialFeediOS.framework */;
			productType = "com.apple.product-type.framework";
		};
		72D9EDB52B88C90000BF2305 /* EssentialFeediOSTests */ = {
			isa = PBXNativeTarget;
			buildConfigurationList = 72D9EDC12B88C90000BF2305 /* Build configuration list for PBXNativeTarget "EssentialFeediOSTests" */;
			buildPhases = (
				72D9EDB22B88C90000BF2305 /* Sources */,
				72D9EDB32B88C90000BF2305 /* Frameworks */,
				72D9EDB42B88C90000BF2305 /* Resources */,
			);
			buildRules = (
			);
			dependencies = (
				72D9EDB92B88C90000BF2305 /* PBXTargetDependency */,
			);
			name = EssentialFeediOSTests;
			productName = EssentialFeediOSTests;
			productReference = 72D9EDB62B88C90000BF2305 /* EssentialFeediOSTests.xctest */;
			productType = "com.apple.product-type.bundle.unit-test";
		};
		72F1DEBD2B7A681E00C1196B /* EssentialFeedCacheIntegrationTests */ = {
			isa = PBXNativeTarget;
			buildConfigurationList = 72F1DEC52B7A681E00C1196B /* Build configuration list for PBXNativeTarget "EssentialFeedCacheIntegrationTests" */;
			buildPhases = (
				72F1DEBA2B7A681E00C1196B /* Sources */,
				72F1DEBB2B7A681E00C1196B /* Frameworks */,
				72F1DEBC2B7A681E00C1196B /* Resources */,
			);
			buildRules = (
			);
			dependencies = (
				72F1DEC42B7A681E00C1196B /* PBXTargetDependency */,
			);
			name = EssentialFeedCacheIntegrationTests;
			productName = EssentialFeedCacheIntegrationTests;
			productReference = 72F1DEBE2B7A681E00C1196B /* EssentialFeedCacheIntegrationTests.xctest */;
			productType = "com.apple.product-type.bundle.unit-test";
		};
/* End PBXNativeTarget section */

/* Begin PBXProject section */
		723856082A85A4F50041395F /* Project object */ = {
			isa = PBXProject;
			attributes = {
				BuildIndependentTargetsInParallel = 1;
				LastSwiftUpdateCheck = 1520;
				LastUpgradeCheck = 1520;
				TargetAttributes = {
					721D0BF42AD8B3BE0099EC65 = {
						CreatedOnToolsVersion = 15.0;
					};
					723856102A85A4F50041395F = {
						CreatedOnToolsVersion = 14.3.1;
					};
					7238561A2A85A4F50041395F = {
						CreatedOnToolsVersion = 14.3.1;
					};
					72D9EDAC2B88C90000BF2305 = {
						CreatedOnToolsVersion = 15.2;
					};
					72D9EDB52B88C90000BF2305 = {
						CreatedOnToolsVersion = 15.2;
						LastSwiftMigration = 1520;
					};
					72F1DEBD2B7A681E00C1196B = {
						CreatedOnToolsVersion = 15.2;
					};
				};
			};
			buildConfigurationList = 7238560B2A85A4F50041395F /* Build configuration list for PBXProject "EssentialFeed" */;
			compatibilityVersion = "Xcode 14.0";
			developmentRegion = en;
			hasScannedForEncodings = 0;
			knownRegions = (
				en,
				Base,
				"pt-BR",
				el,
			);
			mainGroup = 723856072A85A4F50041395F;
			productRefGroup = 723856122A85A4F50041395F /* Products */;
			projectDirPath = "";
			projectRoot = "";
			targets = (
				723856102A85A4F50041395F /* EssentialFeed */,
				7238561A2A85A4F50041395F /* EssentialFeedTests */,
				721D0BF42AD8B3BE0099EC65 /* EssentialFeedAPIEndToEndTests */,
				72F1DEBD2B7A681E00C1196B /* EssentialFeedCacheIntegrationTests */,
				72D9EDAC2B88C90000BF2305 /* EssentialFeediOS */,
				72D9EDB52B88C90000BF2305 /* EssentialFeediOSTests */,
			);
		};
/* End PBXProject section */

/* Begin PBXResourcesBuildPhase section */
		721D0BF32AD8B3BE0099EC65 /* Resources */ = {
			isa = PBXResourcesBuildPhase;
			buildActionMask = 2147483647;
			files = (
			);
			runOnlyForDeploymentPostprocessing = 0;
		};
		7238560F2A85A4F50041395F /* Resources */ = {
			isa = PBXResourcesBuildPhase;
			buildActionMask = 2147483647;
			files = (
			);
			runOnlyForDeploymentPostprocessing = 0;
		};
		723856192A85A4F50041395F /* Resources */ = {
			isa = PBXResourcesBuildPhase;
			buildActionMask = 2147483647;
			files = (
			);
			runOnlyForDeploymentPostprocessing = 0;
		};
		72D9EDAB2B88C90000BF2305 /* Resources */ = {
			isa = PBXResourcesBuildPhase;
			buildActionMask = 2147483647;
			files = (
				727F4CFA2BC98EFF00137083 /* Feed.storyboard in Resources */,
				727F4CFC2BC98F5100137083 /* Feed.xcassets in Resources */,
				727F4D062BCF254700137083 /* Feed.strings in Resources */,
			);
			runOnlyForDeploymentPostprocessing = 0;
		};
		72D9EDB42B88C90000BF2305 /* Resources */ = {
			isa = PBXResourcesBuildPhase;
			buildActionMask = 2147483647;
			files = (
			);
			runOnlyForDeploymentPostprocessing = 0;
		};
		72F1DEBC2B7A681E00C1196B /* Resources */ = {
			isa = PBXResourcesBuildPhase;
			buildActionMask = 2147483647;
			files = (
			);
			runOnlyForDeploymentPostprocessing = 0;
		};
/* End PBXResourcesBuildPhase section */

/* Begin PBXSourcesBuildPhase section */
		721D0BF12AD8B3BE0099EC65 /* Sources */ = {
			isa = PBXSourcesBuildPhase;
			buildActionMask = 2147483647;
			files = (
				721D0BF82AD8B3BE0099EC65 /* EssentialFeedAPIEndToEndTests.swift in Sources */,
				721D0BFF2AD8D6080099EC65 /* XCTestCase+MemoryLeakTracking.swift in Sources */,
			);
			runOnlyForDeploymentPostprocessing = 0;
		};
		7238560D2A85A4F50041395F /* Sources */ = {
			isa = PBXSourcesBuildPhase;
			buildActionMask = 2147483647;
			files = (
				727531462B55E523008252F6 /* LocalFeedImage.swift in Sources */,
				72F1DEB22B71389C00C1196B /* FeedStore.xcdatamodeld in Sources */,
				727531442B55E4D4008252F6 /* RemoteFeedITem.swift in Sources */,
				727531422B552D28008252F6 /* FeedStore.swift in Sources */,
				721D0BEF2AD837830099EC65 /* URLSessionHTTPClient.swift in Sources */,
				72F904052AAA89EC007A3AFA /* RemoteFeedLoader.swift in Sources */,
				72F1DEB52B715F5F00C1196B /* CoreDataHelpers.swift in Sources */,
				72CBA13E2AADC901003346E6 /* HTTPClient.swift in Sources */,
				72F1DEAD2B71333800C1196B /* CoreDataFeedStore.swift in Sources */,
				72F1DEB72B715FB500C1196B /* ManagedCache.swift in Sources */,
				7238562E2A85B44A0041395F /* FeedLoader.swift in Sources */,
				72CBA1402AADC95C003346E6 /* FeedItemsMapper.swift in Sources */,
				72F1DE9F2B69C20100C1196B /* CodableFeedStore.swift in Sources */,
				72AD85E72B6003CE00037AFA /* FeedCachePolicy.swift in Sources */,
				7238562C2A85A5300041395F /* FeedImage.swift in Sources */,
				72F1DEB92B715FD200C1196B /* ManagedFeedImage.swift in Sources */,
				727531402B552B91008252F6 /* LocalFeedLoader.swift in Sources */,
				723856162A85A4F50041395F /* EssentialFeed.docc in Sources */,
			);
			runOnlyForDeploymentPostprocessing = 0;
		};
		723856172A85A4F50041395F /* Sources */ = {
			isa = PBXSourcesBuildPhase;
			buildActionMask = 2147483647;
			files = (
				72AD85E92B60FBEC00037AFA /* CodableFeedStoreTests.swift in Sources */,
				72AD85E32B5AC50500037AFA /* FeedCacheTestHelpers.swift in Sources */,
				72AD85E12B5ABE8C00037AFA /* ValidateFeedCacheUseCaseTests.swift in Sources */,
				723856312A85B7790041395F /* RemoteFeedLoaderTests.swift in Sources */,
				72F1DEA72B6C09F500C1196B /* XCTestCase+FailableInsertFeedStoreSpecs.swift in Sources */,
				721D0BEA2AD3D7EB0099EC65 /* URLSessionHTTPClientTests.swift in Sources */,
				72AD85DF2B59262D00037AFA /* FeedStoreSpy.swift in Sources */,
				72AD85E52B5AC64C00037AFA /* SharedTestHelpers.swift in Sources */,
				72382F932AEB0F77005C9DC0 /* CacheFeedUseCaseTests.swift in Sources */,
				72F1DEA92B6C0A6600C1196B /* XCTestCase+FailableDeleteFeedStoreSpecs.swift in Sources */,
				72F1DEA52B6C098500C1196B /* XCTestCase+FailableRetrieveFeedStoreSpecs.swift in Sources */,
				72003C482B57C78D00A99A88 /* LoadFeedFromCacheUseCaseTests.swift in Sources */,
				72F1DEA12B6C059400C1196B /* FeedStoreSpecs.swift in Sources */,
				721D0BED2AD7CE7A0099EC65 /* XCTestCase+MemoryLeakTracking.swift in Sources */,
				72F1DEAB2B712FC900C1196B /* CoreDataFeedStoreTests.swift in Sources */,
				72F1DEA32B6C062400C1196B /* XCTestCase+FeedStoreSpecs.swift in Sources */,
			);
			runOnlyForDeploymentPostprocessing = 0;
		};
		72D9EDA92B88C90000BF2305 /* Sources */ = {
			isa = PBXSourcesBuildPhase;
			buildActionMask = 2147483647;
			files = (
				722E5AE62B96474D0060FC9F /* FeedImageDataLoader.swift in Sources */,
				727F4D102BCFD26300137083 /* MainQueueDispatchDecorator.swift in Sources */,
				727F4D122BCFD2E600137083 /* WeakRefVirtualProxy.swift in Sources */,
				722E5AED2BA9E13C0060FC9F /* FeedUIComposer.swift in Sources */,
				72B3D1EF2BDAE67300F2226D /* ErrorView.swift in Sources */,
				727F4CF62BC6E1DB00137083 /* FeedViewModel.swift in Sources */,
				72B3D1ED2BDAE49000F2226D /* Localized.swift in Sources */,
				72D9EDD32B8DFEF000BF2305 /* FeedViewController.swift in Sources */,
				727F4CF42BC6E1B600137083 /* FeedLoadingViewModel.swift in Sources */,
				727F4CFE2BCD801000137083 /* UITableView+Dequeueing.swift in Sources */,
				727F4CE62BBF340200137083 /* FeedPresenter.swift in Sources */,
				727F4D002BCD80E700137083 /* UIImageView+Animations.swift in Sources */,
				727F4CE42BBDC45D00137083 /* FeedImageViewModel.swift in Sources */,
				722E5AEA2B98FDDB0060FC9F /* FeedImageCellController.swift in Sources */,
				727F4D162BCFD3F800137083 /* FeedLoaderPresentationAdapter.swift in Sources */,
				727F4D182BCFD51500137083 /* FeedViewAdapter.swift in Sources */,
				72D9EDD72B920ECD00BF2305 /* UIView+Shimmering.swift in Sources */,
				727F4D142BCFD34600137083 /* FeedImageDataLoaderPresentationAdapter.swift in Sources */,
				727F4CF82BC6E39400137083 /* FeedImagePresenter.swift in Sources */,
				72D9EDD52B8F8A9200BF2305 /* FeedImageCell.swift in Sources */,
				72D9EDB12B88C90000BF2305 /* EssentialFeediOS.docc in Sources */,
			);
			runOnlyForDeploymentPostprocessing = 0;
		};
		72D9EDB22B88C90000BF2305 /* Sources */ = {
			isa = PBXSourcesBuildPhase;
			buildActionMask = 2147483647;
			files = (
				72D9EDC92B8CA5D900BF2305 /* FeedUIIntegrationTests.swift in Sources */,
				72D9EDD12B8D4A5700BF2305 /* XCTestCase+MemoryLeakTracking.swift in Sources */,
				727F4D0E2BCF2FDE00137083 /* FeedLocalizationTests.swift in Sources */,
				72B3D1EB2BDAE33600F2226D /* FeedViewController+TestHelpers.swift in Sources */,
				727F4D052BCF1C9700137083 /* FeedViewControllerTests+Localization.swift in Sources */,
			);
			runOnlyForDeploymentPostprocessing = 0;
		};
		72F1DEBA2B7A681E00C1196B /* Sources */ = {
			isa = PBXSourcesBuildPhase;
			buildActionMask = 2147483647;
			files = (
				72F1DECB2B7AA06800C1196B /* SharedTestHelpers.swift in Sources */,
				72F1DEC12B7A681E00C1196B /* EssentialFeedCacheIntegrationTests.swift in Sources */,
				72F1DECA2B7AA05700C1196B /* FeedCacheTestHelpers.swift in Sources */,
				72F1DEC92B7A9D3300C1196B /* XCTestCase+MemoryLeakTracking.swift in Sources */,
			);
			runOnlyForDeploymentPostprocessing = 0;
		};
/* End PBXSourcesBuildPhase section */

/* Begin PBXTargetDependency section */
		721D0BFB2AD8B3BE0099EC65 /* PBXTargetDependency */ = {
			isa = PBXTargetDependency;
			target = 723856102A85A4F50041395F /* EssentialFeed */;
			targetProxy = 721D0BFA2AD8B3BE0099EC65 /* PBXContainerItemProxy */;
		};
		7238561E2A85A4F50041395F /* PBXTargetDependency */ = {
			isa = PBXTargetDependency;
			target = 723856102A85A4F50041395F /* EssentialFeed */;
			targetProxy = 7238561D2A85A4F50041395F /* PBXContainerItemProxy */;
		};
		72D9EDB92B88C90000BF2305 /* PBXTargetDependency */ = {
			isa = PBXTargetDependency;
			target = 72D9EDAC2B88C90000BF2305 /* EssentialFeediOS */;
			targetProxy = 72D9EDB82B88C90000BF2305 /* PBXContainerItemProxy */;
		};
		72D9EDCE2B8D494A00BF2305 /* PBXTargetDependency */ = {
			isa = PBXTargetDependency;
			platformFilter = ios;
			target = 723856102A85A4F50041395F /* EssentialFeed */;
			targetProxy = 72D9EDCD2B8D494A00BF2305 /* PBXContainerItemProxy */;
		};
		72F1DEC42B7A681E00C1196B /* PBXTargetDependency */ = {
			isa = PBXTargetDependency;
			target = 723856102A85A4F50041395F /* EssentialFeed */;
			targetProxy = 72F1DEC32B7A681E00C1196B /* PBXContainerItemProxy */;
		};
/* End PBXTargetDependency section */

/* Begin PBXVariantGroup section */
		727F4D082BCF254700137083 /* Feed.strings */ = {
			isa = PBXVariantGroup;
			children = (
				727F4D072BCF254700137083 /* en */,
				727F4D092BCF2ED200137083 /* pt-BR */,
				727F4D0A2BCF2F1700137083 /* el */,
			);
			name = Feed.strings;
			sourceTree = "<group>";
		};
/* End PBXVariantGroup section */

/* Begin XCBuildConfiguration section */
		721D0BFD2AD8B3BE0099EC65 /* Debug */ = {
			isa = XCBuildConfiguration;
			buildSettings = {
				ASSETCATALOG_COMPILER_GENERATE_SWIFT_ASSET_SYMBOL_EXTENSIONS = YES;
				CODE_SIGN_STYLE = Automatic;
				CURRENT_PROJECT_VERSION = 1;
				GCC_C_LANGUAGE_STANDARD = gnu17;
				GENERATE_INFOPLIST_FILE = YES;
				LOCALIZATION_PREFERS_STRING_CATALOGS = YES;
				MACOSX_DEPLOYMENT_TARGET = 14.2;
				MARKETING_VERSION = 1.0;
				PRODUCT_BUNDLE_IDENTIFIER = com.alexeybolv.EssentialFeedAPIEndToEndTests;
				PRODUCT_NAME = "$(TARGET_NAME)";
				SUPPORTED_PLATFORMS = "macosx iphonesimulator iphoneos";
				SWIFT_ACTIVE_COMPILATION_CONDITIONS = "DEBUG $(inherited)";
				SWIFT_EMIT_LOC_STRINGS = NO;
				SWIFT_VERSION = 5.0;
			};
			name = Debug;
		};
		721D0BFE2AD8B3BE0099EC65 /* Release */ = {
			isa = XCBuildConfiguration;
			buildSettings = {
				ASSETCATALOG_COMPILER_GENERATE_SWIFT_ASSET_SYMBOL_EXTENSIONS = YES;
				CODE_SIGN_STYLE = Automatic;
				CURRENT_PROJECT_VERSION = 1;
				GCC_C_LANGUAGE_STANDARD = gnu17;
				GENERATE_INFOPLIST_FILE = YES;
				LOCALIZATION_PREFERS_STRING_CATALOGS = YES;
				MACOSX_DEPLOYMENT_TARGET = 14.2;
				MARKETING_VERSION = 1.0;
				PRODUCT_BUNDLE_IDENTIFIER = com.alexeybolv.EssentialFeedAPIEndToEndTests;
				PRODUCT_NAME = "$(TARGET_NAME)";
				SUPPORTED_PLATFORMS = "macosx iphonesimulator iphoneos";
				SWIFT_EMIT_LOC_STRINGS = NO;
				SWIFT_VERSION = 5.0;
			};
			name = Release;
		};
		723856232A85A4F50041395F /* Debug */ = {
			isa = XCBuildConfiguration;
			buildSettings = {
				ALWAYS_SEARCH_USER_PATHS = NO;
				ASSETCATALOG_COMPILER_GENERATE_SWIFT_ASSET_SYMBOL_EXTENSIONS = YES;
				CLANG_ANALYZER_LOCALIZABILITY_NONLOCALIZED = YES;
				CLANG_ANALYZER_NONNULL = YES;
				CLANG_ANALYZER_NUMBER_OBJECT_CONVERSION = YES_AGGRESSIVE;
				CLANG_CXX_LANGUAGE_STANDARD = "gnu++20";
				CLANG_ENABLE_MODULES = YES;
				CLANG_ENABLE_OBJC_ARC = YES;
				CLANG_ENABLE_OBJC_WEAK = YES;
				CLANG_WARN_BLOCK_CAPTURE_AUTORELEASING = YES;
				CLANG_WARN_BOOL_CONVERSION = YES;
				CLANG_WARN_COMMA = YES;
				CLANG_WARN_CONSTANT_CONVERSION = YES;
				CLANG_WARN_DEPRECATED_OBJC_IMPLEMENTATIONS = YES;
				CLANG_WARN_DIRECT_OBJC_ISA_USAGE = YES_ERROR;
				CLANG_WARN_DOCUMENTATION_COMMENTS = YES;
				CLANG_WARN_EMPTY_BODY = YES;
				CLANG_WARN_ENUM_CONVERSION = YES;
				CLANG_WARN_INFINITE_RECURSION = YES;
				CLANG_WARN_INT_CONVERSION = YES;
				CLANG_WARN_NON_LITERAL_NULL_CONVERSION = YES;
				CLANG_WARN_OBJC_IMPLICIT_RETAIN_SELF = YES;
				CLANG_WARN_OBJC_LITERAL_CONVERSION = YES;
				CLANG_WARN_OBJC_ROOT_CLASS = YES_ERROR;
				CLANG_WARN_QUOTED_INCLUDE_IN_FRAMEWORK_HEADER = YES;
				CLANG_WARN_RANGE_LOOP_ANALYSIS = YES;
				CLANG_WARN_STRICT_PROTOTYPES = YES;
				CLANG_WARN_SUSPICIOUS_MOVE = YES;
				CLANG_WARN_UNGUARDED_AVAILABILITY = YES_AGGRESSIVE;
				CLANG_WARN_UNREACHABLE_CODE = YES;
				CLANG_WARN__DUPLICATE_METHOD_MATCH = YES;
				COPY_PHASE_STRIP = NO;
				CURRENT_PROJECT_VERSION = 1;
				DEAD_CODE_STRIPPING = YES;
				DEBUG_INFORMATION_FORMAT = dwarf;
				ENABLE_STRICT_OBJC_MSGSEND = YES;
				ENABLE_TESTABILITY = YES;
				ENABLE_USER_SCRIPT_SANDBOXING = YES;
				GCC_C_LANGUAGE_STANDARD = gnu11;
				GCC_DYNAMIC_NO_PIC = NO;
				GCC_NO_COMMON_BLOCKS = YES;
				GCC_OPTIMIZATION_LEVEL = 0;
				GCC_PREPROCESSOR_DEFINITIONS = (
					"DEBUG=1",
					"$(inherited)",
				);
				GCC_WARN_64_TO_32_BIT_CONVERSION = YES;
				GCC_WARN_ABOUT_RETURN_TYPE = YES_ERROR;
				GCC_WARN_UNDECLARED_SELECTOR = YES;
				GCC_WARN_UNINITIALIZED_AUTOS = YES_AGGRESSIVE;
				GCC_WARN_UNUSED_FUNCTION = YES;
				GCC_WARN_UNUSED_VARIABLE = YES;
				MACOSX_DEPLOYMENT_TARGET = 13.3;
				MTL_ENABLE_DEBUG_INFO = INCLUDE_SOURCE;
				MTL_FAST_MATH = YES;
				ONLY_ACTIVE_ARCH = YES;
				SDKROOT = macosx;
				SWIFT_ACTIVE_COMPILATION_CONDITIONS = DEBUG;
				SWIFT_OPTIMIZATION_LEVEL = "-Onone";
				VERSIONING_SYSTEM = "apple-generic";
				VERSION_INFO_PREFIX = "";
			};
			name = Debug;
		};
		723856242A85A4F50041395F /* Release */ = {
			isa = XCBuildConfiguration;
			buildSettings = {
				ALWAYS_SEARCH_USER_PATHS = NO;
				ASSETCATALOG_COMPILER_GENERATE_SWIFT_ASSET_SYMBOL_EXTENSIONS = YES;
				CLANG_ANALYZER_LOCALIZABILITY_NONLOCALIZED = YES;
				CLANG_ANALYZER_NONNULL = YES;
				CLANG_ANALYZER_NUMBER_OBJECT_CONVERSION = YES_AGGRESSIVE;
				CLANG_CXX_LANGUAGE_STANDARD = "gnu++20";
				CLANG_ENABLE_MODULES = YES;
				CLANG_ENABLE_OBJC_ARC = YES;
				CLANG_ENABLE_OBJC_WEAK = YES;
				CLANG_WARN_BLOCK_CAPTURE_AUTORELEASING = YES;
				CLANG_WARN_BOOL_CONVERSION = YES;
				CLANG_WARN_COMMA = YES;
				CLANG_WARN_CONSTANT_CONVERSION = YES;
				CLANG_WARN_DEPRECATED_OBJC_IMPLEMENTATIONS = YES;
				CLANG_WARN_DIRECT_OBJC_ISA_USAGE = YES_ERROR;
				CLANG_WARN_DOCUMENTATION_COMMENTS = YES;
				CLANG_WARN_EMPTY_BODY = YES;
				CLANG_WARN_ENUM_CONVERSION = YES;
				CLANG_WARN_INFINITE_RECURSION = YES;
				CLANG_WARN_INT_CONVERSION = YES;
				CLANG_WARN_NON_LITERAL_NULL_CONVERSION = YES;
				CLANG_WARN_OBJC_IMPLICIT_RETAIN_SELF = YES;
				CLANG_WARN_OBJC_LITERAL_CONVERSION = YES;
				CLANG_WARN_OBJC_ROOT_CLASS = YES_ERROR;
				CLANG_WARN_QUOTED_INCLUDE_IN_FRAMEWORK_HEADER = YES;
				CLANG_WARN_RANGE_LOOP_ANALYSIS = YES;
				CLANG_WARN_STRICT_PROTOTYPES = YES;
				CLANG_WARN_SUSPICIOUS_MOVE = YES;
				CLANG_WARN_UNGUARDED_AVAILABILITY = YES_AGGRESSIVE;
				CLANG_WARN_UNREACHABLE_CODE = YES;
				CLANG_WARN__DUPLICATE_METHOD_MATCH = YES;
				COPY_PHASE_STRIP = NO;
				CURRENT_PROJECT_VERSION = 1;
				DEAD_CODE_STRIPPING = YES;
				DEBUG_INFORMATION_FORMAT = "dwarf-with-dsym";
				ENABLE_NS_ASSERTIONS = NO;
				ENABLE_STRICT_OBJC_MSGSEND = YES;
				ENABLE_USER_SCRIPT_SANDBOXING = YES;
				GCC_C_LANGUAGE_STANDARD = gnu11;
				GCC_NO_COMMON_BLOCKS = YES;
				GCC_WARN_64_TO_32_BIT_CONVERSION = YES;
				GCC_WARN_ABOUT_RETURN_TYPE = YES_ERROR;
				GCC_WARN_UNDECLARED_SELECTOR = YES;
				GCC_WARN_UNINITIALIZED_AUTOS = YES_AGGRESSIVE;
				GCC_WARN_UNUSED_FUNCTION = YES;
				GCC_WARN_UNUSED_VARIABLE = YES;
				MACOSX_DEPLOYMENT_TARGET = 13.3;
				MTL_ENABLE_DEBUG_INFO = NO;
				MTL_FAST_MATH = YES;
				SDKROOT = macosx;
				SWIFT_COMPILATION_MODE = wholemodule;
				SWIFT_OPTIMIZATION_LEVEL = "-O";
				VERSIONING_SYSTEM = "apple-generic";
				VERSION_INFO_PREFIX = "";
			};
			name = Release;
		};
		723856262A85A4F50041395F /* Debug */ = {
			isa = XCBuildConfiguration;
			buildSettings = {
				CODE_SIGN_STYLE = Automatic;
				COMBINE_HIDPI_IMAGES = YES;
				CURRENT_PROJECT_VERSION = 1;
				DEAD_CODE_STRIPPING = YES;
				DEFINES_MODULE = YES;
				DYLIB_COMPATIBILITY_VERSION = 1;
				DYLIB_CURRENT_VERSION = 1;
				DYLIB_INSTALL_NAME_BASE = "@rpath";
				ENABLE_MODULE_VERIFIER = YES;
				GENERATE_INFOPLIST_FILE = YES;
				INFOPLIST_KEY_NSHumanReadableCopyright = "";
				INSTALL_PATH = "$(LOCAL_LIBRARY_DIR)/Frameworks";
				LD_RUNPATH_SEARCH_PATHS = (
					"$(inherited)",
					"@executable_path/../Frameworks",
					"@loader_path/Frameworks",
				);
				MARKETING_VERSION = 1.0;
				MODULE_VERIFIER_SUPPORTED_LANGUAGES = "objective-c objective-c++";
				MODULE_VERIFIER_SUPPORTED_LANGUAGE_STANDARDS = "gnu11 gnu++20";
				PRODUCT_BUNDLE_IDENTIFIER = com.alexeybolv.EssentialFeed;
				PRODUCT_NAME = "$(TARGET_NAME:c99extidentifier)";
				SKIP_INSTALL = YES;
				SUPPORTED_PLATFORMS = "macosx iphoneos iphonesimulator";
				SWIFT_EMIT_LOC_STRINGS = YES;
				SWIFT_VERSION = 5.0;
			};
			name = Debug;
		};
		723856272A85A4F50041395F /* Release */ = {
			isa = XCBuildConfiguration;
			buildSettings = {
				CODE_SIGN_STYLE = Automatic;
				COMBINE_HIDPI_IMAGES = YES;
				CURRENT_PROJECT_VERSION = 1;
				DEAD_CODE_STRIPPING = YES;
				DEFINES_MODULE = YES;
				DYLIB_COMPATIBILITY_VERSION = 1;
				DYLIB_CURRENT_VERSION = 1;
				DYLIB_INSTALL_NAME_BASE = "@rpath";
				ENABLE_MODULE_VERIFIER = YES;
				GENERATE_INFOPLIST_FILE = YES;
				INFOPLIST_KEY_NSHumanReadableCopyright = "";
				INSTALL_PATH = "$(LOCAL_LIBRARY_DIR)/Frameworks";
				LD_RUNPATH_SEARCH_PATHS = (
					"$(inherited)",
					"@executable_path/../Frameworks",
					"@loader_path/Frameworks",
				);
				MARKETING_VERSION = 1.0;
				MODULE_VERIFIER_SUPPORTED_LANGUAGES = "objective-c objective-c++";
				MODULE_VERIFIER_SUPPORTED_LANGUAGE_STANDARDS = "gnu11 gnu++20";
				PRODUCT_BUNDLE_IDENTIFIER = com.alexeybolv.EssentialFeed;
				PRODUCT_NAME = "$(TARGET_NAME:c99extidentifier)";
				SKIP_INSTALL = YES;
				SUPPORTED_PLATFORMS = "macosx iphoneos iphonesimulator";
				SWIFT_EMIT_LOC_STRINGS = YES;
				SWIFT_VERSION = 5.0;
			};
			name = Release;
		};
		723856292A85A4F50041395F /* Debug */ = {
			isa = XCBuildConfiguration;
			buildSettings = {
				ALWAYS_EMBED_SWIFT_STANDARD_LIBRARIES = YES;
				CODE_SIGN_STYLE = Automatic;
				CURRENT_PROJECT_VERSION = 1;
				DEAD_CODE_STRIPPING = YES;
				GENERATE_INFOPLIST_FILE = YES;
				MACOSX_DEPLOYMENT_TARGET = 14.2;
				MARKETING_VERSION = 1.0;
				PRODUCT_BUNDLE_IDENTIFIER = com.alexeybolv.EssentialFeedTests;
				PRODUCT_NAME = "$(TARGET_NAME)";
				SUPPORTED_PLATFORMS = "macosx iphoneos iphonesimulator";
				SWIFT_EMIT_LOC_STRINGS = NO;
				SWIFT_VERSION = 5.0;
			};
			name = Debug;
		};
		7238562A2A85A4F50041395F /* Release */ = {
			isa = XCBuildConfiguration;
			buildSettings = {
				ALWAYS_EMBED_SWIFT_STANDARD_LIBRARIES = YES;
				CODE_SIGN_STYLE = Automatic;
				CURRENT_PROJECT_VERSION = 1;
				DEAD_CODE_STRIPPING = YES;
				GENERATE_INFOPLIST_FILE = YES;
				MACOSX_DEPLOYMENT_TARGET = 14.2;
				MARKETING_VERSION = 1.0;
				PRODUCT_BUNDLE_IDENTIFIER = com.alexeybolv.EssentialFeedTests;
				PRODUCT_NAME = "$(TARGET_NAME)";
				SUPPORTED_PLATFORMS = "macosx iphoneos iphonesimulator";
				SWIFT_EMIT_LOC_STRINGS = NO;
				SWIFT_VERSION = 5.0;
			};
			name = Release;
		};
		72D9EDBF2B88C90000BF2305 /* Debug */ = {
			isa = XCBuildConfiguration;
			buildSettings = {
				CODE_SIGN_STYLE = Automatic;
				CURRENT_PROJECT_VERSION = 1;
				DEFINES_MODULE = YES;
				DYLIB_COMPATIBILITY_VERSION = 1;
				DYLIB_CURRENT_VERSION = 1;
				DYLIB_INSTALL_NAME_BASE = "@rpath";
				ENABLE_MODULE_VERIFIER = YES;
				GCC_C_LANGUAGE_STANDARD = gnu17;
				GENERATE_INFOPLIST_FILE = YES;
				INFOPLIST_KEY_NSHumanReadableCopyright = "";
				INSTALL_PATH = "$(LOCAL_LIBRARY_DIR)/Frameworks";
				IPHONEOS_DEPLOYMENT_TARGET = 17.4;
				LD_RUNPATH_SEARCH_PATHS = (
					"$(inherited)",
					"@executable_path/Frameworks",
					"@loader_path/Frameworks",
				);
				LOCALIZATION_PREFERS_STRING_CATALOGS = YES;
				MARKETING_VERSION = 1.0;
				MODULE_VERIFIER_SUPPORTED_LANGUAGES = "objective-c objective-c++";
				MODULE_VERIFIER_SUPPORTED_LANGUAGE_STANDARDS = "gnu17 gnu++20";
				PRODUCT_BUNDLE_IDENTIFIER = com.essentialdeveloper.EssentialFeediOS;
				PRODUCT_NAME = "$(TARGET_NAME:c99extidentifier)";
				SDKROOT = iphoneos;
				SKIP_INSTALL = YES;
				SWIFT_ACTIVE_COMPILATION_CONDITIONS = "DEBUG $(inherited)";
				SWIFT_EMIT_LOC_STRINGS = YES;
				SWIFT_VERSION = 5.0;
				TARGETED_DEVICE_FAMILY = "1,2";
			};
			name = Debug;
		};
		72D9EDC02B88C90000BF2305 /* Release */ = {
			isa = XCBuildConfiguration;
			buildSettings = {
				CODE_SIGN_STYLE = Automatic;
				CURRENT_PROJECT_VERSION = 1;
				DEFINES_MODULE = YES;
				DYLIB_COMPATIBILITY_VERSION = 1;
				DYLIB_CURRENT_VERSION = 1;
				DYLIB_INSTALL_NAME_BASE = "@rpath";
				ENABLE_MODULE_VERIFIER = YES;
				GCC_C_LANGUAGE_STANDARD = gnu17;
				GENERATE_INFOPLIST_FILE = YES;
				INFOPLIST_KEY_NSHumanReadableCopyright = "";
				INSTALL_PATH = "$(LOCAL_LIBRARY_DIR)/Frameworks";
				IPHONEOS_DEPLOYMENT_TARGET = 17.4;
				LD_RUNPATH_SEARCH_PATHS = (
					"$(inherited)",
					"@executable_path/Frameworks",
					"@loader_path/Frameworks",
				);
				LOCALIZATION_PREFERS_STRING_CATALOGS = YES;
				MARKETING_VERSION = 1.0;
				MODULE_VERIFIER_SUPPORTED_LANGUAGES = "objective-c objective-c++";
				MODULE_VERIFIER_SUPPORTED_LANGUAGE_STANDARDS = "gnu17 gnu++20";
				PRODUCT_BUNDLE_IDENTIFIER = com.essentialdeveloper.EssentialFeediOS;
				PRODUCT_NAME = "$(TARGET_NAME:c99extidentifier)";
				SDKROOT = iphoneos;
				SKIP_INSTALL = YES;
				SWIFT_EMIT_LOC_STRINGS = YES;
				SWIFT_VERSION = 5.0;
				TARGETED_DEVICE_FAMILY = "1,2";
				VALIDATE_PRODUCT = YES;
			};
			name = Release;
		};
		72D9EDC22B88C90000BF2305 /* Debug */ = {
			isa = XCBuildConfiguration;
			buildSettings = {
				ALWAYS_EMBED_SWIFT_STANDARD_LIBRARIES = YES;
				CLANG_ENABLE_MODULES = YES;
				CODE_SIGN_STYLE = Automatic;
				CURRENT_PROJECT_VERSION = 1;
				GCC_C_LANGUAGE_STANDARD = gnu17;
				GENERATE_INFOPLIST_FILE = YES;
				IPHONEOS_DEPLOYMENT_TARGET = 17.4;
				LOCALIZATION_PREFERS_STRING_CATALOGS = YES;
				MARKETING_VERSION = 1.0;
				PRODUCT_BUNDLE_IDENTIFIER = com.essentialdeveloper.EssentialFeediOSTests;
				PRODUCT_NAME = "$(TARGET_NAME)";
				SDKROOT = iphoneos;
				SWIFT_ACTIVE_COMPILATION_CONDITIONS = "DEBUG $(inherited)";
				SWIFT_EMIT_LOC_STRINGS = NO;
				SWIFT_OBJC_BRIDGING_HEADER = "EssentialFeediOSTests/EssentialFeediOSTests-Bridging-Header.h";
				SWIFT_OPTIMIZATION_LEVEL = "-Onone";
				SWIFT_VERSION = 5.0;
				TARGETED_DEVICE_FAMILY = "1,2";
			};
			name = Debug;
		};
		72D9EDC32B88C90000BF2305 /* Release */ = {
			isa = XCBuildConfiguration;
			buildSettings = {
				ALWAYS_EMBED_SWIFT_STANDARD_LIBRARIES = YES;
				CLANG_ENABLE_MODULES = YES;
				CODE_SIGN_STYLE = Automatic;
				CURRENT_PROJECT_VERSION = 1;
				GCC_C_LANGUAGE_STANDARD = gnu17;
				GENERATE_INFOPLIST_FILE = YES;
				IPHONEOS_DEPLOYMENT_TARGET = 17.4;
				LOCALIZATION_PREFERS_STRING_CATALOGS = YES;
				MARKETING_VERSION = 1.0;
				PRODUCT_BUNDLE_IDENTIFIER = com.essentialdeveloper.EssentialFeediOSTests;
				PRODUCT_NAME = "$(TARGET_NAME)";
				SDKROOT = iphoneos;
				SWIFT_EMIT_LOC_STRINGS = NO;
				SWIFT_OBJC_BRIDGING_HEADER = "EssentialFeediOSTests/EssentialFeediOSTests-Bridging-Header.h";
				SWIFT_VERSION = 5.0;
				TARGETED_DEVICE_FAMILY = "1,2";
				VALIDATE_PRODUCT = YES;
			};
			name = Release;
		};
		72F1DEC62B7A681E00C1196B /* Debug */ = {
			isa = XCBuildConfiguration;
			buildSettings = {
				CODE_SIGN_STYLE = Automatic;
				CURRENT_PROJECT_VERSION = 1;
				GCC_C_LANGUAGE_STANDARD = gnu17;
				GENERATE_INFOPLIST_FILE = YES;
				LOCALIZATION_PREFERS_STRING_CATALOGS = YES;
				MACOSX_DEPLOYMENT_TARGET = 14.2;
				MARKETING_VERSION = 1.0;
				PRODUCT_BUNDLE_IDENTIFIER = com.essentialdeveloper.EssentialFeedCacheIntegrationTests;
				PRODUCT_NAME = "$(TARGET_NAME)";
				SUPPORTED_PLATFORMS = "macosx iphonesimulator iphoneos";
				SWIFT_ACTIVE_COMPILATION_CONDITIONS = "DEBUG $(inherited)";
				SWIFT_EMIT_LOC_STRINGS = NO;
				SWIFT_VERSION = 5.0;
			};
			name = Debug;
		};
		72F1DEC72B7A681E00C1196B /* Release */ = {
			isa = XCBuildConfiguration;
			buildSettings = {
				CODE_SIGN_STYLE = Automatic;
				CURRENT_PROJECT_VERSION = 1;
				GCC_C_LANGUAGE_STANDARD = gnu17;
				GENERATE_INFOPLIST_FILE = YES;
				LOCALIZATION_PREFERS_STRING_CATALOGS = YES;
				MACOSX_DEPLOYMENT_TARGET = 14.2;
				MARKETING_VERSION = 1.0;
				PRODUCT_BUNDLE_IDENTIFIER = com.essentialdeveloper.EssentialFeedCacheIntegrationTests;
				PRODUCT_NAME = "$(TARGET_NAME)";
				SUPPORTED_PLATFORMS = "macosx iphonesimulator iphoneos";
				SWIFT_EMIT_LOC_STRINGS = NO;
				SWIFT_VERSION = 5.0;
			};
			name = Release;
		};
/* End XCBuildConfiguration section */

/* Begin XCConfigurationList section */
		721D0BFC2AD8B3BE0099EC65 /* Build configuration list for PBXNativeTarget "EssentialFeedAPIEndToEndTests" */ = {
			isa = XCConfigurationList;
			buildConfigurations = (
				721D0BFD2AD8B3BE0099EC65 /* Debug */,
				721D0BFE2AD8B3BE0099EC65 /* Release */,
			);
			defaultConfigurationIsVisible = 0;
			defaultConfigurationName = Release;
		};
		7238560B2A85A4F50041395F /* Build configuration list for PBXProject "EssentialFeed" */ = {
			isa = XCConfigurationList;
			buildConfigurations = (
				723856232A85A4F50041395F /* Debug */,
				723856242A85A4F50041395F /* Release */,
			);
			defaultConfigurationIsVisible = 0;
			defaultConfigurationName = Release;
		};
		723856252A85A4F50041395F /* Build configuration list for PBXNativeTarget "EssentialFeed" */ = {
			isa = XCConfigurationList;
			buildConfigurations = (
				723856262A85A4F50041395F /* Debug */,
				723856272A85A4F50041395F /* Release */,
			);
			defaultConfigurationIsVisible = 0;
			defaultConfigurationName = Release;
		};
		723856282A85A4F50041395F /* Build configuration list for PBXNativeTarget "EssentialFeedTests" */ = {
			isa = XCConfigurationList;
			buildConfigurations = (
				723856292A85A4F50041395F /* Debug */,
				7238562A2A85A4F50041395F /* Release */,
			);
			defaultConfigurationIsVisible = 0;
			defaultConfigurationName = Release;
		};
		72D9EDBE2B88C90000BF2305 /* Build configuration list for PBXNativeTarget "EssentialFeediOS" */ = {
			isa = XCConfigurationList;
			buildConfigurations = (
				72D9EDBF2B88C90000BF2305 /* Debug */,
				72D9EDC02B88C90000BF2305 /* Release */,
			);
			defaultConfigurationIsVisible = 0;
			defaultConfigurationName = Release;
		};
		72D9EDC12B88C90000BF2305 /* Build configuration list for PBXNativeTarget "EssentialFeediOSTests" */ = {
			isa = XCConfigurationList;
			buildConfigurations = (
				72D9EDC22B88C90000BF2305 /* Debug */,
				72D9EDC32B88C90000BF2305 /* Release */,
			);
			defaultConfigurationIsVisible = 0;
			defaultConfigurationName = Release;
		};
		72F1DEC52B7A681E00C1196B /* Build configuration list for PBXNativeTarget "EssentialFeedCacheIntegrationTests" */ = {
			isa = XCConfigurationList;
			buildConfigurations = (
				72F1DEC62B7A681E00C1196B /* Debug */,
				72F1DEC72B7A681E00C1196B /* Release */,
			);
			defaultConfigurationIsVisible = 0;
			defaultConfigurationName = Release;
		};
/* End XCConfigurationList section */

/* Begin XCVersionGroup section */
		72F1DEB02B71389C00C1196B /* FeedStore.xcdatamodeld */ = {
			isa = XCVersionGroup;
			children = (
				72F1DEB12B71389C00C1196B /* FeedStore.xcdatamodel */,
			);
			currentVersion = 72F1DEB12B71389C00C1196B /* FeedStore.xcdatamodel */;
			path = FeedStore.xcdatamodeld;
			sourceTree = "<group>";
			versionGroupType = wrapper.xcdatamodel;
		};
/* End XCVersionGroup section */
	};
	rootObject = 723856082A85A4F50041395F /* Project object */;
}
