// !$*UTF8*$!
{
	archiveVersion = 1;
	classes = {
	};
	objectVersion = 56;
	objects = {

/* Begin PBXBuildFile section */
		7237B0852BF40B7E00663678 /* FeedImageDataLoaderCacheDecoratorTests.swift in Sources */ = {isa = PBXBuildFile; fileRef = 7237B0842BF40B7E00663678 /* FeedImageDataLoaderCacheDecoratorTests.swift */; };
		7237B0872BF413C900663678 /* FeedImageDataLoaderSpy.swift in Sources */ = {isa = PBXBuildFile; fileRef = 7237B0862BF413C900663678 /* FeedImageDataLoaderSpy.swift */; };
		7237B0892BF4144300663678 /* XCTestCase+FeedImageDataLoader.swift in Sources */ = {isa = PBXBuildFile; fileRef = 7237B0882BF4144300663678 /* XCTestCase+FeedImageDataLoader.swift */; };
		7237B08D2BF41A5500663678 /* FeedImageDataLoaderCacheDecorator.swift in Sources */ = {isa = PBXBuildFile; fileRef = 7237B08C2BF41A5500663678 /* FeedImageDataLoaderCacheDecorator.swift */; };
		7237B09B2BF7B61F00663678 /* EssentialAppUIAcceptanceTests.swift in Sources */ = {isa = PBXBuildFile; fileRef = 7237B09A2BF7B61F00663678 /* EssentialAppUIAcceptanceTests.swift */; };
		7248912A2BE02B7E009BE492 /* AppDelegate.swift in Sources */ = {isa = PBXBuildFile; fileRef = 724891292BE02B7E009BE492 /* AppDelegate.swift */; };
		7248912C2BE02B7E009BE492 /* SceneDelegate.swift in Sources */ = {isa = PBXBuildFile; fileRef = 7248912B2BE02B7E009BE492 /* SceneDelegate.swift */; };
		7248912E2BE02B7E009BE492 /* ViewController.swift in Sources */ = {isa = PBXBuildFile; fileRef = 7248912D2BE02B7E009BE492 /* ViewController.swift */; };
		724891312BE02B7E009BE492 /* Base in Resources */ = {isa = PBXBuildFile; fileRef = 724891302BE02B7E009BE492 /* Base */; };
		724891332BE02B7F009BE492 /* Assets.xcassets in Resources */ = {isa = PBXBuildFile; fileRef = 724891322BE02B7F009BE492 /* Assets.xcassets */; };
		724891362BE02B7F009BE492 /* Base in Resources */ = {isa = PBXBuildFile; fileRef = 724891352BE02B7F009BE492 /* Base */; };
		7248915B2BE02EE7009BE492 /* EssentialFeed.framework in Frameworks */ = {isa = PBXBuildFile; fileRef = 7248915A2BE02EE7009BE492 /* EssentialFeed.framework */; };
		7248915C2BE02EE7009BE492 /* EssentialFeed.framework in Embed Frameworks */ = {isa = PBXBuildFile; fileRef = 7248915A2BE02EE7009BE492 /* EssentialFeed.framework */; settings = {ATTRIBUTES = (CodeSignOnCopy, RemoveHeadersOnCopy, ); }; };
		7248915F2BE02EF4009BE492 /* EssentialFeediOS.framework in Frameworks */ = {isa = PBXBuildFile; fileRef = 7248915E2BE02EF4009BE492 /* EssentialFeediOS.framework */; };
		724891602BE02EF4009BE492 /* EssentialFeediOS.framework in Embed Frameworks */ = {isa = PBXBuildFile; fileRef = 7248915E2BE02EF4009BE492 /* EssentialFeediOS.framework */; settings = {ATTRIBUTES = (CodeSignOnCopy, RemoveHeadersOnCopy, ); }; };
		724891622BE03AF8009BE492 /* FeedLoaderWithFallbackCompositeTests.swift in Sources */ = {isa = PBXBuildFile; fileRef = 724891612BE03AF8009BE492 /* FeedLoaderWithFallbackCompositeTests.swift */; };
		725A5D332BE453D500EC5964 /* FeedLoaderWithFallbackComposite.swift in Sources */ = {isa = PBXBuildFile; fileRef = 725A5D322BE453D500EC5964 /* FeedLoaderWithFallbackComposite.swift */; };
		725A5D352BE454C100EC5964 /* FeedImageDataLoaderWithFallbackCompositeTests.swift in Sources */ = {isa = PBXBuildFile; fileRef = 725A5D342BE454C100EC5964 /* FeedImageDataLoaderWithFallbackCompositeTests.swift */; };
		725A5D372BEA9EA300EC5964 /* FeedImageDataLoaderWithFallbackComposite.swift in Sources */ = {isa = PBXBuildFile; fileRef = 725A5D362BEA9EA300EC5964 /* FeedImageDataLoaderWithFallbackComposite.swift */; };
		725A5D3A2BEA9FE600EC5964 /* SharedTestHelpers.swift in Sources */ = {isa = PBXBuildFile; fileRef = 725A5D392BEA9FE600EC5964 /* SharedTestHelpers.swift */; };
		725A5D3C2BEAA05E00EC5964 /* XCTestCase+MemoryLeakTracking.swift in Sources */ = {isa = PBXBuildFile; fileRef = 725A5D3B2BEAA05E00EC5964 /* XCTestCase+MemoryLeakTracking.swift */; };
		725A5D4C2BF2CDFB00EC5964 /* FeedLoaderCacheDecoratorTests.swift in Sources */ = {isa = PBXBuildFile; fileRef = 725A5D4B2BF2CDFB00EC5964 /* FeedLoaderCacheDecoratorTests.swift */; };
		725A5D4E2BF2F18C00EC5964 /* FeedLoaderStub.swift in Sources */ = {isa = PBXBuildFile; fileRef = 725A5D4D2BF2F18C00EC5964 /* FeedLoaderStub.swift */; };
		725A5D502BF2F2D000EC5964 /* XCTestCase+FeedLoader.swift in Sources */ = {isa = PBXBuildFile; fileRef = 725A5D4F2BF2F2D000EC5964 /* XCTestCase+FeedLoader.swift */; };
		725A5D542BF2FA8100EC5964 /* FeedLoaderCacheDecorator.swift in Sources */ = {isa = PBXBuildFile; fileRef = 725A5D532BF2FA8100EC5964 /* FeedLoaderCacheDecorator.swift */; };
		7294D4DC2BFEC9830000CD86 /* DebuggingSceneDelegate.swift in Sources */ = {isa = PBXBuildFile; fileRef = 7294D4DB2BFEC9830000CD86 /* DebuggingSceneDelegate.swift */; };
		7294D4DE2BFFB5BD0000CD86 /* SceneDelegateTests.swift in Sources */ = {isa = PBXBuildFile; fileRef = 7294D4DD2BFFB5BD0000CD86 /* SceneDelegateTests.swift */; };
		7294D4E02C001E140000CD86 /* UIImage+TestHelpers.swift in Sources */ = {isa = PBXBuildFile; fileRef = 7294D4DF2C001E140000CD86 /* UIImage+TestHelpers.swift */; };
		7294D4E22C001E250000CD86 /* UIRefreshControl+TestHelpers.swift in Sources */ = {isa = PBXBuildFile; fileRef = 7294D4E12C001E250000CD86 /* UIRefreshControl+TestHelpers.swift */; };
		7294D4E42C001E2D0000CD86 /* UIButton+TestHelpers.swift in Sources */ = {isa = PBXBuildFile; fileRef = 7294D4E32C001E2D0000CD86 /* UIButton+TestHelpers.swift */; };
		7294D4E62C001E340000CD86 /* UIControl+TestHelpers.swift in Sources */ = {isa = PBXBuildFile; fileRef = 7294D4E52C001E340000CD86 /* UIControl+TestHelpers.swift */; };
		7294D4E82C001E3C0000CD86 /* UIView+TestHelpers.swift in Sources */ = {isa = PBXBuildFile; fileRef = 7294D4E72C001E3C0000CD86 /* UIView+TestHelpers.swift */; };
		7294D4EC2C001E500000CD86 /* FeedImageCell+TestHelpers.swift in Sources */ = {isa = PBXBuildFile; fileRef = 7294D4EB2C001E500000CD86 /* FeedImageCell+TestHelpers.swift */; };
		7294D4F22C00231E0000CD86 /* FeedUIIntegrationTests.swift in Sources */ = {isa = PBXBuildFile; fileRef = 7294D4F12C00231E0000CD86 /* FeedUIIntegrationTests.swift */; };
		7294D4F62C0023480000CD86 /* FeedUIIntegrationTests+Assertions.swift in Sources */ = {isa = PBXBuildFile; fileRef = 7294D4F42C0023480000CD86 /* FeedUIIntegrationTests+Assertions.swift */; };
		7294D4F72C0023480000CD86 /* FeedUIIntegrationTests+Localization.swift in Sources */ = {isa = PBXBuildFile; fileRef = 7294D4F32C0023480000CD86 /* FeedUIIntegrationTests+Localization.swift */; };
		7294D4F82C0023480000CD86 /* FeedViewController+TestHelpers.swift in Sources */ = {isa = PBXBuildFile; fileRef = 7294D4F52C0023480000CD86 /* FeedViewController+TestHelpers.swift */; };
		7294D4FA2C0024420000CD86 /* FeedUIIntegrationTests+LoaderSpy.swift in Sources */ = {isa = PBXBuildFile; fileRef = 7294D4F92C0024420000CD86 /* FeedUIIntegrationTests+LoaderSpy.swift */; };
		7294D5012C00252C0000CD86 /* MainQueueDispatchDecorator.swift in Sources */ = {isa = PBXBuildFile; fileRef = 7294D5002C00252C0000CD86 /* MainQueueDispatchDecorator.swift */; };
		7294D5022C00252C0000CD86 /* WeakRefVirtualProxy.swift in Sources */ = {isa = PBXBuildFile; fileRef = 7294D4FC2C00252B0000CD86 /* WeakRefVirtualProxy.swift */; };
		7294D5032C00252C0000CD86 /* FeedViewAdapter.swift in Sources */ = {isa = PBXBuildFile; fileRef = 7294D4FE2C00252B0000CD86 /* FeedViewAdapter.swift */; };
		7294D5042C00252C0000CD86 /* FeedUIComposer.swift in Sources */ = {isa = PBXBuildFile; fileRef = 7294D4FF2C00252C0000CD86 /* FeedUIComposer.swift */; };
		7294D5052C00252C0000CD86 /* FeedLoaderPresentationAdapter.swift in Sources */ = {isa = PBXBuildFile; fileRef = 7294D4FB2C00252B0000CD86 /* FeedLoaderPresentationAdapter.swift */; };
		7294D5062C00252C0000CD86 /* FeedImageDataLoaderPresentationAdapter.swift in Sources */ = {isa = PBXBuildFile; fileRef = 7294D4FD2C00252B0000CD86 /* FeedImageDataLoaderPresentationAdapter.swift */; };
		7294D50A2C00278A0000CD86 /* EssentialApp.xctestplan in Resources */ = {isa = PBXBuildFile; fileRef = 7294D5092C00278A0000CD86 /* EssentialApp.xctestplan */; };
		7294D50C2C00BFDA0000CD86 /* FeedAcceptanceTests.swift in Sources */ = {isa = PBXBuildFile; fileRef = 7294D50B2C00BFDA0000CD86 /* FeedAcceptanceTests.swift */; };
/* End PBXBuildFile section */

/* Begin PBXContainerItemProxy section */
		7237B09E2BF7B62000663678 /* PBXContainerItemProxy */ = {
			isa = PBXContainerItemProxy;
			containerPortal = 7248911E2BE02B7E009BE492 /* Project object */;
			proxyType = 1;
			remoteGlobalIDString = 724891252BE02B7E009BE492;
			remoteInfo = EssentialApp;
		};
		7248913D2BE02B7F009BE492 /* PBXContainerItemProxy */ = {
			isa = PBXContainerItemProxy;
			containerPortal = 7248911E2BE02B7E009BE492 /* Project object */;
			proxyType = 1;
			remoteGlobalIDString = 724891252BE02B7E009BE492;
			remoteInfo = EssentialApp;
		};
/* End PBXContainerItemProxy section */

/* Begin PBXCopyFilesBuildPhase section */
		7248915D2BE02EE7009BE492 /* Embed Frameworks */ = {
			isa = PBXCopyFilesBuildPhase;
			buildActionMask = 2147483647;
			dstPath = "";
			dstSubfolderSpec = 10;
			files = (
				7248915C2BE02EE7009BE492 /* EssentialFeed.framework in Embed Frameworks */,
				724891602BE02EF4009BE492 /* EssentialFeediOS.framework in Embed Frameworks */,
			);
			name = "Embed Frameworks";
			runOnlyForDeploymentPostprocessing = 0;
		};
/* End PBXCopyFilesBuildPhase section */

/* Begin PBXFileReference section */
		7237B0842BF40B7E00663678 /* FeedImageDataLoaderCacheDecoratorTests.swift */ = {isa = PBXFileReference; lastKnownFileType = sourcecode.swift; path = FeedImageDataLoaderCacheDecoratorTests.swift; sourceTree = "<group>"; };
		7237B0862BF413C900663678 /* FeedImageDataLoaderSpy.swift */ = {isa = PBXFileReference; lastKnownFileType = sourcecode.swift; path = FeedImageDataLoaderSpy.swift; sourceTree = "<group>"; };
		7237B0882BF4144300663678 /* XCTestCase+FeedImageDataLoader.swift */ = {isa = PBXFileReference; lastKnownFileType = sourcecode.swift; path = "XCTestCase+FeedImageDataLoader.swift"; sourceTree = "<group>"; };
		7237B08C2BF41A5500663678 /* FeedImageDataLoaderCacheDecorator.swift */ = {isa = PBXFileReference; lastKnownFileType = sourcecode.swift; path = FeedImageDataLoaderCacheDecorator.swift; sourceTree = "<group>"; };
		7237B0982BF7B61F00663678 /* EssentialAppUIAcceptanceTests.xctest */ = {isa = PBXFileReference; explicitFileType = wrapper.cfbundle; includeInIndex = 0; path = EssentialAppUIAcceptanceTests.xctest; sourceTree = BUILT_PRODUCTS_DIR; };
		7237B09A2BF7B61F00663678 /* EssentialAppUIAcceptanceTests.swift */ = {isa = PBXFileReference; lastKnownFileType = sourcecode.swift; path = EssentialAppUIAcceptanceTests.swift; sourceTree = "<group>"; };
		724891262BE02B7E009BE492 /* EssentialApp.app */ = {isa = PBXFileReference; explicitFileType = wrapper.application; includeInIndex = 0; path = EssentialApp.app; sourceTree = BUILT_PRODUCTS_DIR; };
		724891292BE02B7E009BE492 /* AppDelegate.swift */ = {isa = PBXFileReference; lastKnownFileType = sourcecode.swift; path = AppDelegate.swift; sourceTree = "<group>"; };
		7248912B2BE02B7E009BE492 /* SceneDelegate.swift */ = {isa = PBXFileReference; lastKnownFileType = sourcecode.swift; path = SceneDelegate.swift; sourceTree = "<group>"; };
		7248912D2BE02B7E009BE492 /* ViewController.swift */ = {isa = PBXFileReference; lastKnownFileType = sourcecode.swift; path = ViewController.swift; sourceTree = "<group>"; };
		724891302BE02B7E009BE492 /* Base */ = {isa = PBXFileReference; lastKnownFileType = file.storyboard; name = Base; path = Base.lproj/Main.storyboard; sourceTree = "<group>"; };
		724891322BE02B7F009BE492 /* Assets.xcassets */ = {isa = PBXFileReference; lastKnownFileType = folder.assetcatalog; path = Assets.xcassets; sourceTree = "<group>"; };
		724891352BE02B7F009BE492 /* Base */ = {isa = PBXFileReference; lastKnownFileType = file.storyboard; name = Base; path = Base.lproj/LaunchScreen.storyboard; sourceTree = "<group>"; };
		724891372BE02B7F009BE492 /* Info.plist */ = {isa = PBXFileReference; lastKnownFileType = text.plist.xml; path = Info.plist; sourceTree = "<group>"; };
		7248913C2BE02B7F009BE492 /* EssentialAppTests.xctest */ = {isa = PBXFileReference; explicitFileType = wrapper.cfbundle; includeInIndex = 0; path = EssentialAppTests.xctest; sourceTree = BUILT_PRODUCTS_DIR; };
		7248915A2BE02EE7009BE492 /* EssentialFeed.framework */ = {isa = PBXFileReference; explicitFileType = wrapper.framework; path = EssentialFeed.framework; sourceTree = BUILT_PRODUCTS_DIR; };
		7248915E2BE02EF4009BE492 /* EssentialFeediOS.framework */ = {isa = PBXFileReference; explicitFileType = wrapper.framework; path = EssentialFeediOS.framework; sourceTree = BUILT_PRODUCTS_DIR; };
		724891612BE03AF8009BE492 /* FeedLoaderWithFallbackCompositeTests.swift */ = {isa = PBXFileReference; lastKnownFileType = sourcecode.swift; path = FeedLoaderWithFallbackCompositeTests.swift; sourceTree = "<group>"; };
		725A5D322BE453D500EC5964 /* FeedLoaderWithFallbackComposite.swift */ = {isa = PBXFileReference; lastKnownFileType = sourcecode.swift; path = FeedLoaderWithFallbackComposite.swift; sourceTree = "<group>"; };
		725A5D342BE454C100EC5964 /* FeedImageDataLoaderWithFallbackCompositeTests.swift */ = {isa = PBXFileReference; lastKnownFileType = sourcecode.swift; path = FeedImageDataLoaderWithFallbackCompositeTests.swift; sourceTree = "<group>"; };
		725A5D362BEA9EA300EC5964 /* FeedImageDataLoaderWithFallbackComposite.swift */ = {isa = PBXFileReference; lastKnownFileType = sourcecode.swift; path = FeedImageDataLoaderWithFallbackComposite.swift; sourceTree = "<group>"; };
		725A5D392BEA9FE600EC5964 /* SharedTestHelpers.swift */ = {isa = PBXFileReference; lastKnownFileType = sourcecode.swift; path = SharedTestHelpers.swift; sourceTree = "<group>"; };
		725A5D3B2BEAA05E00EC5964 /* XCTestCase+MemoryLeakTracking.swift */ = {isa = PBXFileReference; lastKnownFileType = sourcecode.swift; path = "XCTestCase+MemoryLeakTracking.swift"; sourceTree = "<group>"; };
		725A5D4B2BF2CDFB00EC5964 /* FeedLoaderCacheDecoratorTests.swift */ = {isa = PBXFileReference; lastKnownFileType = sourcecode.swift; path = FeedLoaderCacheDecoratorTests.swift; sourceTree = "<group>"; };
		725A5D4D2BF2F18C00EC5964 /* FeedLoaderStub.swift */ = {isa = PBXFileReference; lastKnownFileType = sourcecode.swift; path = FeedLoaderStub.swift; sourceTree = "<group>"; };
		725A5D4F2BF2F2D000EC5964 /* XCTestCase+FeedLoader.swift */ = {isa = PBXFileReference; lastKnownFileType = sourcecode.swift; path = "XCTestCase+FeedLoader.swift"; sourceTree = "<group>"; };
		725A5D532BF2FA8100EC5964 /* FeedLoaderCacheDecorator.swift */ = {isa = PBXFileReference; lastKnownFileType = sourcecode.swift; path = FeedLoaderCacheDecorator.swift; sourceTree = "<group>"; };
		7294D4DB2BFEC9830000CD86 /* DebuggingSceneDelegate.swift */ = {isa = PBXFileReference; lastKnownFileType = sourcecode.swift; path = DebuggingSceneDelegate.swift; sourceTree = "<group>"; };
		7294D4DD2BFFB5BD0000CD86 /* SceneDelegateTests.swift */ = {isa = PBXFileReference; lastKnownFileType = sourcecode.swift; path = SceneDelegateTests.swift; sourceTree = "<group>"; };
		7294D4DF2C001E140000CD86 /* UIImage+TestHelpers.swift */ = {isa = PBXFileReference; fileEncoding = 4; lastKnownFileType = sourcecode.swift; path = "UIImage+TestHelpers.swift"; sourceTree = "<group>"; };
		7294D4E12C001E250000CD86 /* UIRefreshControl+TestHelpers.swift */ = {isa = PBXFileReference; fileEncoding = 4; lastKnownFileType = sourcecode.swift; path = "UIRefreshControl+TestHelpers.swift"; sourceTree = "<group>"; };
		7294D4E32C001E2D0000CD86 /* UIButton+TestHelpers.swift */ = {isa = PBXFileReference; fileEncoding = 4; lastKnownFileType = sourcecode.swift; path = "UIButton+TestHelpers.swift"; sourceTree = "<group>"; };
		7294D4E52C001E340000CD86 /* UIControl+TestHelpers.swift */ = {isa = PBXFileReference; fileEncoding = 4; lastKnownFileType = sourcecode.swift; path = "UIControl+TestHelpers.swift"; sourceTree = "<group>"; };
		7294D4E72C001E3C0000CD86 /* UIView+TestHelpers.swift */ = {isa = PBXFileReference; fileEncoding = 4; lastKnownFileType = sourcecode.swift; path = "UIView+TestHelpers.swift"; sourceTree = "<group>"; };
		7294D4EB2C001E500000CD86 /* FeedImageCell+TestHelpers.swift */ = {isa = PBXFileReference; fileEncoding = 4; lastKnownFileType = sourcecode.swift; path = "FeedImageCell+TestHelpers.swift"; sourceTree = "<group>"; };
		7294D4F12C00231E0000CD86 /* FeedUIIntegrationTests.swift */ = {isa = PBXFileReference; lastKnownFileType = sourcecode.swift; path = FeedUIIntegrationTests.swift; sourceTree = "<group>"; };
		7294D4F32C0023480000CD86 /* FeedUIIntegrationTests+Localization.swift */ = {isa = PBXFileReference; lastKnownFileType = sourcecode.swift; path = "FeedUIIntegrationTests+Localization.swift"; sourceTree = "<group>"; };
		7294D4F42C0023480000CD86 /* FeedUIIntegrationTests+Assertions.swift */ = {isa = PBXFileReference; lastKnownFileType = sourcecode.swift; path = "FeedUIIntegrationTests+Assertions.swift"; sourceTree = "<group>"; };
		7294D4F52C0023480000CD86 /* FeedViewController+TestHelpers.swift */ = {isa = PBXFileReference; lastKnownFileType = sourcecode.swift; path = "FeedViewController+TestHelpers.swift"; sourceTree = "<group>"; };
		7294D4F92C0024420000CD86 /* FeedUIIntegrationTests+LoaderSpy.swift */ = {isa = PBXFileReference; fileEncoding = 4; lastKnownFileType = sourcecode.swift; path = "FeedUIIntegrationTests+LoaderSpy.swift"; sourceTree = "<group>"; };
		7294D4FB2C00252B0000CD86 /* FeedLoaderPresentationAdapter.swift */ = {isa = PBXFileReference; lastKnownFileType = sourcecode.swift; path = FeedLoaderPresentationAdapter.swift; sourceTree = "<group>"; };
		7294D4FC2C00252B0000CD86 /* WeakRefVirtualProxy.swift */ = {isa = PBXFileReference; lastKnownFileType = sourcecode.swift; path = WeakRefVirtualProxy.swift; sourceTree = "<group>"; };
		7294D4FD2C00252B0000CD86 /* FeedImageDataLoaderPresentationAdapter.swift */ = {isa = PBXFileReference; lastKnownFileType = sourcecode.swift; path = FeedImageDataLoaderPresentationAdapter.swift; sourceTree = "<group>"; };
		7294D4FE2C00252B0000CD86 /* FeedViewAdapter.swift */ = {isa = PBXFileReference; lastKnownFileType = sourcecode.swift; path = FeedViewAdapter.swift; sourceTree = "<group>"; };
		7294D4FF2C00252C0000CD86 /* FeedUIComposer.swift */ = {isa = PBXFileReference; lastKnownFileType = sourcecode.swift; path = FeedUIComposer.swift; sourceTree = "<group>"; };
		7294D5002C00252C0000CD86 /* MainQueueDispatchDecorator.swift */ = {isa = PBXFileReference; lastKnownFileType = sourcecode.swift; path = MainQueueDispatchDecorator.swift; sourceTree = "<group>"; };
		7294D5092C00278A0000CD86 /* EssentialApp.xctestplan */ = {isa = PBXFileReference; fileEncoding = 4; lastKnownFileType = text; path = EssentialApp.xctestplan; sourceTree = "<group>"; };
		7294D50B2C00BFDA0000CD86 /* FeedAcceptanceTests.swift */ = {isa = PBXFileReference; lastKnownFileType = sourcecode.swift; path = FeedAcceptanceTests.swift; sourceTree = "<group>"; };
/* End PBXFileReference section */

/* Begin PBXFrameworksBuildPhase section */
		7237B0952BF7B61F00663678 /* Frameworks */ = {
			isa = PBXFrameworksBuildPhase;
			buildActionMask = 2147483647;
			files = (
			);
			runOnlyForDeploymentPostprocessing = 0;
		};
		724891232BE02B7E009BE492 /* Frameworks */ = {
			isa = PBXFrameworksBuildPhase;
			buildActionMask = 2147483647;
			files = (
				7248915B2BE02EE7009BE492 /* EssentialFeed.framework in Frameworks */,
				7248915F2BE02EF4009BE492 /* EssentialFeediOS.framework in Frameworks */,
			);
			runOnlyForDeploymentPostprocessing = 0;
		};
		724891392BE02B7F009BE492 /* Frameworks */ = {
			isa = PBXFrameworksBuildPhase;
			buildActionMask = 2147483647;
			files = (
			);
			runOnlyForDeploymentPostprocessing = 0;
		};
/* End PBXFrameworksBuildPhase section */

/* Begin PBXGroup section */
		7237B0992BF7B61F00663678 /* EssentialAppUIAcceptanceTests */ = {
			isa = PBXGroup;
			children = (
				7237B09A2BF7B61F00663678 /* EssentialAppUIAcceptanceTests.swift */,
			);
			path = EssentialAppUIAcceptanceTests;
			sourceTree = "<group>";
		};
		7248911D2BE02B7E009BE492 = {
			isa = PBXGroup;
			children = (
				7294D5092C00278A0000CD86 /* EssentialApp.xctestplan */,
				724891282BE02B7E009BE492 /* EssentialApp */,
				7248913F2BE02B7F009BE492 /* EssentialAppTests */,
				7237B0992BF7B61F00663678 /* EssentialAppUIAcceptanceTests */,
				724891272BE02B7E009BE492 /* Products */,
				724891592BE02EE7009BE492 /* Frameworks */,
			);
			sourceTree = "<group>";
		};
		724891272BE02B7E009BE492 /* Products */ = {
			isa = PBXGroup;
			children = (
				724891262BE02B7E009BE492 /* EssentialApp.app */,
				7248913C2BE02B7F009BE492 /* EssentialAppTests.xctest */,
				7237B0982BF7B61F00663678 /* EssentialAppUIAcceptanceTests.xctest */,
			);
			name = Products;
			sourceTree = "<group>";
		};
		724891282BE02B7E009BE492 /* EssentialApp */ = {
			isa = PBXGroup;
			children = (
				724891292BE02B7E009BE492 /* AppDelegate.swift */,
				7248912B2BE02B7E009BE492 /* SceneDelegate.swift */,
				7294D4DB2BFEC9830000CD86 /* DebuggingSceneDelegate.swift */,
				7294D4FF2C00252C0000CD86 /* FeedUIComposer.swift */,
				7294D5002C00252C0000CD86 /* MainQueueDispatchDecorator.swift */,
				7294D4FC2C00252B0000CD86 /* WeakRefVirtualProxy.swift */,
				7294D4FD2C00252B0000CD86 /* FeedImageDataLoaderPresentationAdapter.swift */,
				7294D4FB2C00252B0000CD86 /* FeedLoaderPresentationAdapter.swift */,
				7294D4FE2C00252B0000CD86 /* FeedViewAdapter.swift */,
				7248912D2BE02B7E009BE492 /* ViewController.swift */,
				725A5D322BE453D500EC5964 /* FeedLoaderWithFallbackComposite.swift */,
				725A5D362BEA9EA300EC5964 /* FeedImageDataLoaderWithFallbackComposite.swift */,
				725A5D532BF2FA8100EC5964 /* FeedLoaderCacheDecorator.swift */,
				7237B08C2BF41A5500663678 /* FeedImageDataLoaderCacheDecorator.swift */,
				7248912F2BE02B7E009BE492 /* Main.storyboard */,
				724891322BE02B7F009BE492 /* Assets.xcassets */,
				724891342BE02B7F009BE492 /* LaunchScreen.storyboard */,
				724891372BE02B7F009BE492 /* Info.plist */,
			);
			path = EssentialApp;
			sourceTree = "<group>";
		};
		7248913F2BE02B7F009BE492 /* EssentialAppTests */ = {
			isa = PBXGroup;
			children = (
				725A5D382BEA9FCE00EC5964 /* Helpers */,
				7294D4DD2BFFB5BD0000CD86 /* SceneDelegateTests.swift */,
				724891612BE03AF8009BE492 /* FeedLoaderWithFallbackCompositeTests.swift */,
				725A5D4B2BF2CDFB00EC5964 /* FeedLoaderCacheDecoratorTests.swift */,
				725A5D342BE454C100EC5964 /* FeedImageDataLoaderWithFallbackCompositeTests.swift */,
				7237B0842BF40B7E00663678 /* FeedImageDataLoaderCacheDecoratorTests.swift */,
				7294D4F12C00231E0000CD86 /* FeedUIIntegrationTests.swift */,
				7294D50B2C00BFDA0000CD86 /* FeedAcceptanceTests.swift */,
			);
			path = EssentialAppTests;
			sourceTree = "<group>";
		};
		724891592BE02EE7009BE492 /* Frameworks */ = {
			isa = PBXGroup;
			children = (
				7248915E2BE02EF4009BE492 /* EssentialFeediOS.framework */,
				7248915A2BE02EE7009BE492 /* EssentialFeed.framework */,
			);
			name = Frameworks;
			sourceTree = "<group>";
		};
		725A5D382BEA9FCE00EC5964 /* Helpers */ = {
			isa = PBXGroup;
			children = (
				7294D4DF2C001E140000CD86 /* UIImage+TestHelpers.swift */,
				7294D4E12C001E250000CD86 /* UIRefreshControl+TestHelpers.swift */,
				7294D4E32C001E2D0000CD86 /* UIButton+TestHelpers.swift */,
				7294D4E52C001E340000CD86 /* UIControl+TestHelpers.swift */,
				7294D4E72C001E3C0000CD86 /* UIView+TestHelpers.swift */,
				7294D4EB2C001E500000CD86 /* FeedImageCell+TestHelpers.swift */,
				725A5D392BEA9FE600EC5964 /* SharedTestHelpers.swift */,
				725A5D3B2BEAA05E00EC5964 /* XCTestCase+MemoryLeakTracking.swift */,
				725A5D4D2BF2F18C00EC5964 /* FeedLoaderStub.swift */,
				725A5D4F2BF2F2D000EC5964 /* XCTestCase+FeedLoader.swift */,
				7237B0862BF413C900663678 /* FeedImageDataLoaderSpy.swift */,
				7237B0882BF4144300663678 /* XCTestCase+FeedImageDataLoader.swift */,
				7294D4F32C0023480000CD86 /* FeedUIIntegrationTests+Localization.swift */,
				7294D4F42C0023480000CD86 /* FeedUIIntegrationTests+Assertions.swift */,
				7294D4F92C0024420000CD86 /* FeedUIIntegrationTests+LoaderSpy.swift */,
				7294D4F52C0023480000CD86 /* FeedViewController+TestHelpers.swift */,
			);
			path = Helpers;
			sourceTree = "<group>";
		};
/* End PBXGroup section */

/* Begin PBXNativeTarget section */
		7237B0972BF7B61F00663678 /* EssentialAppUIAcceptanceTests */ = {
			isa = PBXNativeTarget;
			buildConfigurationList = 7237B0A22BF7B62000663678 /* Build configuration list for PBXNativeTarget "EssentialAppUIAcceptanceTests" */;
			buildPhases = (
				7237B0942BF7B61F00663678 /* Sources */,
				7237B0952BF7B61F00663678 /* Frameworks */,
				7237B0962BF7B61F00663678 /* Resources */,
			);
			buildRules = (
			);
			dependencies = (
				7237B09F2BF7B62000663678 /* PBXTargetDependency */,
			);
			name = EssentialAppUIAcceptanceTests;
			productName = EssentialAppUIAcceptanceTests;
			productReference = 7237B0982BF7B61F00663678 /* EssentialAppUIAcceptanceTests.xctest */;
			productType = "com.apple.product-type.bundle.ui-testing";
		};
		724891252BE02B7E009BE492 /* EssentialApp */ = {
			isa = PBXNativeTarget;
			buildConfigurationList = 724891502BE02B7F009BE492 /* Build configuration list for PBXNativeTarget "EssentialApp" */;
			buildPhases = (
				724891222BE02B7E009BE492 /* Sources */,
				724891232BE02B7E009BE492 /* Frameworks */,
				724891242BE02B7E009BE492 /* Resources */,
				7248915D2BE02EE7009BE492 /* Embed Frameworks */,
			);
			buildRules = (
			);
			dependencies = (
			);
			name = EssentialApp;
			productName = EssentialApp;
			productReference = 724891262BE02B7E009BE492 /* EssentialApp.app */;
			productType = "com.apple.product-type.application";
		};
		7248913B2BE02B7F009BE492 /* EssentialAppTests */ = {
			isa = PBXNativeTarget;
			buildConfigurationList = 724891532BE02B7F009BE492 /* Build configuration list for PBXNativeTarget "EssentialAppTests" */;
			buildPhases = (
				724891382BE02B7F009BE492 /* Sources */,
				724891392BE02B7F009BE492 /* Frameworks */,
				7248913A2BE02B7F009BE492 /* Resources */,
			);
			buildRules = (
			);
			dependencies = (
				7248913E2BE02B7F009BE492 /* PBXTargetDependency */,
			);
			name = EssentialAppTests;
			productName = EssentialAppTests;
			productReference = 7248913C2BE02B7F009BE492 /* EssentialAppTests.xctest */;
			productType = "com.apple.product-type.bundle.unit-test";
		};
/* End PBXNativeTarget section */

/* Begin PBXProject section */
		7248911E2BE02B7E009BE492 /* Project object */ = {
			isa = PBXProject;
			attributes = {
				BuildIndependentTargetsInParallel = 1;
				LastSwiftUpdateCheck = 1530;
				LastUpgradeCheck = 1530;
				TargetAttributes = {
					7237B0972BF7B61F00663678 = {
						CreatedOnToolsVersion = 15.3;
						TestTargetID = 724891252BE02B7E009BE492;
					};
					724891252BE02B7E009BE492 = {
						CreatedOnToolsVersion = 15.3;
					};
					7248913B2BE02B7F009BE492 = {
						CreatedOnToolsVersion = 15.3;
						TestTargetID = 724891252BE02B7E009BE492;
					};
				};
			};
			buildConfigurationList = 724891212BE02B7E009BE492 /* Build configuration list for PBXProject "EssentialApp" */;
			compatibilityVersion = "Xcode 14.0";
			developmentRegion = en;
			hasScannedForEncodings = 0;
			knownRegions = (
				en,
				Base,
			);
			mainGroup = 7248911D2BE02B7E009BE492;
			productRefGroup = 724891272BE02B7E009BE492 /* Products */;
			projectDirPath = "";
			projectRoot = "";
			targets = (
				724891252BE02B7E009BE492 /* EssentialApp */,
				7248913B2BE02B7F009BE492 /* EssentialAppTests */,
				7237B0972BF7B61F00663678 /* EssentialAppUIAcceptanceTests */,
			);
		};
/* End PBXProject section */

/* Begin PBXResourcesBuildPhase section */
		7237B0962BF7B61F00663678 /* Resources */ = {
			isa = PBXResourcesBuildPhase;
			buildActionMask = 2147483647;
			files = (
			);
			runOnlyForDeploymentPostprocessing = 0;
		};
		724891242BE02B7E009BE492 /* Resources */ = {
			isa = PBXResourcesBuildPhase;
			buildActionMask = 2147483647;
			files = (
				724891332BE02B7F009BE492 /* Assets.xcassets in Resources */,
				724891362BE02B7F009BE492 /* Base in Resources */,
				724891312BE02B7E009BE492 /* Base in Resources */,
			);
			runOnlyForDeploymentPostprocessing = 0;
		};
		7248913A2BE02B7F009BE492 /* Resources */ = {
			isa = PBXResourcesBuildPhase;
			buildActionMask = 2147483647;
			files = (
				7294D50A2C00278A0000CD86 /* EssentialApp.xctestplan in Resources */,
			);
			runOnlyForDeploymentPostprocessing = 0;
		};
/* End PBXResourcesBuildPhase section */

/* Begin PBXSourcesBuildPhase section */
		7237B0942BF7B61F00663678 /* Sources */ = {
			isa = PBXSourcesBuildPhase;
			buildActionMask = 2147483647;
			files = (
				7237B09B2BF7B61F00663678 /* EssentialAppUIAcceptanceTests.swift in Sources */,
			);
			runOnlyForDeploymentPostprocessing = 0;
		};
		724891222BE02B7E009BE492 /* Sources */ = {
			isa = PBXSourcesBuildPhase;
			buildActionMask = 2147483647;
			files = (
				7248912E2BE02B7E009BE492 /* ViewController.swift in Sources */,
				7294D5042C00252C0000CD86 /* FeedUIComposer.swift in Sources */,
				7294D5062C00252C0000CD86 /* FeedImageDataLoaderPresentationAdapter.swift in Sources */,
				7294D5012C00252C0000CD86 /* MainQueueDispatchDecorator.swift in Sources */,
				7294D5022C00252C0000CD86 /* WeakRefVirtualProxy.swift in Sources */,
				7248912A2BE02B7E009BE492 /* AppDelegate.swift in Sources */,
				725A5D332BE453D500EC5964 /* FeedLoaderWithFallbackComposite.swift in Sources */,
				7294D5032C00252C0000CD86 /* FeedViewAdapter.swift in Sources */,
				725A5D542BF2FA8100EC5964 /* FeedLoaderCacheDecorator.swift in Sources */,
				7294D4DC2BFEC9830000CD86 /* DebuggingSceneDelegate.swift in Sources */,
				7294D5052C00252C0000CD86 /* FeedLoaderPresentationAdapter.swift in Sources */,
				7248912C2BE02B7E009BE492 /* SceneDelegate.swift in Sources */,
				725A5D372BEA9EA300EC5964 /* FeedImageDataLoaderWithFallbackComposite.swift in Sources */,
				7237B08D2BF41A5500663678 /* FeedImageDataLoaderCacheDecorator.swift in Sources */,
			);
			runOnlyForDeploymentPostprocessing = 0;
		};
		724891382BE02B7F009BE492 /* Sources */ = {
			isa = PBXSourcesBuildPhase;
			buildActionMask = 2147483647;
			files = (
				725A5D352BE454C100EC5964 /* FeedImageDataLoaderWithFallbackCompositeTests.swift in Sources */,
				7237B0852BF40B7E00663678 /* FeedImageDataLoaderCacheDecoratorTests.swift in Sources */,
				725A5D502BF2F2D000EC5964 /* XCTestCase+FeedLoader.swift in Sources */,
				7294D4E62C001E340000CD86 /* UIControl+TestHelpers.swift in Sources */,
				7237B0892BF4144300663678 /* XCTestCase+FeedImageDataLoader.swift in Sources */,
				7294D4DE2BFFB5BD0000CD86 /* SceneDelegateTests.swift in Sources */,
				7294D4F82C0023480000CD86 /* FeedViewController+TestHelpers.swift in Sources */,
				725A5D4C2BF2CDFB00EC5964 /* FeedLoaderCacheDecoratorTests.swift in Sources */,
				7294D50C2C00BFDA0000CD86 /* FeedAcceptanceTests.swift in Sources */,
				7294D4FA2C0024420000CD86 /* FeedUIIntegrationTests+LoaderSpy.swift in Sources */,
				7237B0872BF413C900663678 /* FeedImageDataLoaderSpy.swift in Sources */,
				725A5D3C2BEAA05E00EC5964 /* XCTestCase+MemoryLeakTracking.swift in Sources */,
				7294D4F62C0023480000CD86 /* FeedUIIntegrationTests+Assertions.swift in Sources */,
				7294D4E22C001E250000CD86 /* UIRefreshControl+TestHelpers.swift in Sources */,
				7294D4E82C001E3C0000CD86 /* UIView+TestHelpers.swift in Sources */,
				724891622BE03AF8009BE492 /* FeedLoaderWithFallbackCompositeTests.swift in Sources */,
				725A5D4E2BF2F18C00EC5964 /* FeedLoaderStub.swift in Sources */,
				7294D4EC2C001E500000CD86 /* FeedImageCell+TestHelpers.swift in Sources */,
				7294D4E42C001E2D0000CD86 /* UIButton+TestHelpers.swift in Sources */,
				725A5D3A2BEA9FE600EC5964 /* SharedTestHelpers.swift in Sources */,
				7294D4E02C001E140000CD86 /* UIImage+TestHelpers.swift in Sources */,
				7294D4F22C00231E0000CD86 /* FeedUIIntegrationTests.swift in Sources */,
				7294D4F72C0023480000CD86 /* FeedUIIntegrationTests+Localization.swift in Sources */,
			);
			runOnlyForDeploymentPostprocessing = 0;
		};
/* End PBXSourcesBuildPhase section */

/* Begin PBXTargetDependency section */
		7237B09F2BF7B62000663678 /* PBXTargetDependency */ = {
			isa = PBXTargetDependency;
			target = 724891252BE02B7E009BE492 /* EssentialApp */;
			targetProxy = 7237B09E2BF7B62000663678 /* PBXContainerItemProxy */;
		};
		7248913E2BE02B7F009BE492 /* PBXTargetDependency */ = {
			isa = PBXTargetDependency;
			target = 724891252BE02B7E009BE492 /* EssentialApp */;
			targetProxy = 7248913D2BE02B7F009BE492 /* PBXContainerItemProxy */;
		};
/* End PBXTargetDependency section */

/* Begin PBXVariantGroup section */
		7248912F2BE02B7E009BE492 /* Main.storyboard */ = {
			isa = PBXVariantGroup;
			children = (
				724891302BE02B7E009BE492 /* Base */,
			);
			name = Main.storyboard;
			sourceTree = "<group>";
		};
		724891342BE02B7F009BE492 /* LaunchScreen.storyboard */ = {
			isa = PBXVariantGroup;
			children = (
				724891352BE02B7F009BE492 /* Base */,
			);
			name = LaunchScreen.storyboard;
			sourceTree = "<group>";
		};
/* End PBXVariantGroup section */

/* Begin XCBuildConfiguration section */
		7237B0A02BF7B62000663678 /* Debug */ = {
			isa = XCBuildConfiguration;
			buildSettings = {
				CODE_SIGN_STYLE = Automatic;
				CURRENT_PROJECT_VERSION = 1;
				DEVELOPMENT_TEAM = GF3U88C7F2;
				GENERATE_INFOPLIST_FILE = YES;
				MARKETING_VERSION = 1.0;
				PRODUCT_BUNDLE_IDENTIFIER = com.alexeybolv.EssentialAppUIAcceptanceTests;
				PRODUCT_NAME = "$(TARGET_NAME)";
				SWIFT_EMIT_LOC_STRINGS = NO;
				SWIFT_VERSION = 5.0;
				TARGETED_DEVICE_FAMILY = "1,2";
				TEST_TARGET_NAME = EssentialApp;
			};
			name = Debug;
		};
		7237B0A12BF7B62000663678 /* Release */ = {
			isa = XCBuildConfiguration;
			buildSettings = {
				CODE_SIGN_STYLE = Automatic;
				CURRENT_PROJECT_VERSION = 1;
				DEVELOPMENT_TEAM = GF3U88C7F2;
				GENERATE_INFOPLIST_FILE = YES;
				MARKETING_VERSION = 1.0;
				PRODUCT_BUNDLE_IDENTIFIER = com.alexeybolv.EssentialAppUIAcceptanceTests;
				PRODUCT_NAME = "$(TARGET_NAME)";
				SWIFT_EMIT_LOC_STRINGS = NO;
				SWIFT_VERSION = 5.0;
				TARGETED_DEVICE_FAMILY = "1,2";
				TEST_TARGET_NAME = EssentialApp;
			};
			name = Release;
		};
		7248914E2BE02B7F009BE492 /* Debug */ = {
			isa = XCBuildConfiguration;
			buildSettings = {
				ALWAYS_SEARCH_USER_PATHS = NO;
				ASSETCATALOG_COMPILER_GENERATE_SWIFT_ASSET_SYMBOL_EXTENSIONS = YES;
				CLANG_ANALYZER_NONNULL = YES;
				CLANG_ANALYZER_NUMBER_OBJECT_CONVERSION = YES_AGGRESSIVE;
				CLANG_CXX_LANGUAGE_STANDARD = "gnu++20";
				CLANG_ENABLE_MODULES = YES;
				CLANG_ENABLE_OBJC_ARC = YES;
				CLANG_ENABLE_OBJC_WEAK = YES;
				CLANG_WARN_BLOCK_CAPTURE_AUTORELEASING = YES;
				CLANG_WARN_BOOL_CONVERSION = YES;
				CLANG_WARN_COMMA = YES;
				CLANG_WARN_CONSTANT_CONVERSION = YES;
				CLANG_WARN_DEPRECATED_OBJC_IMPLEMENTATIONS = YES;
				CLANG_WARN_DIRECT_OBJC_ISA_USAGE = YES_ERROR;
				CLANG_WARN_DOCUMENTATION_COMMENTS = YES;
				CLANG_WARN_EMPTY_BODY = YES;
				CLANG_WARN_ENUM_CONVERSION = YES;
				CLANG_WARN_INFINITE_RECURSION = YES;
				CLANG_WARN_INT_CONVERSION = YES;
				CLANG_WARN_NON_LITERAL_NULL_CONVERSION = YES;
				CLANG_WARN_OBJC_IMPLICIT_RETAIN_SELF = YES;
				CLANG_WARN_OBJC_LITERAL_CONVERSION = YES;
				CLANG_WARN_OBJC_ROOT_CLASS = YES_ERROR;
				CLANG_WARN_QUOTED_INCLUDE_IN_FRAMEWORK_HEADER = YES;
				CLANG_WARN_RANGE_LOOP_ANALYSIS = YES;
				CLANG_WARN_STRICT_PROTOTYPES = YES;
				CLANG_WARN_SUSPICIOUS_MOVE = YES;
				CLANG_WARN_UNGUARDED_AVAILABILITY = YES_AGGRESSIVE;
				CLANG_WARN_UNREACHABLE_CODE = YES;
				CLANG_WARN__DUPLICATE_METHOD_MATCH = YES;
				COPY_PHASE_STRIP = NO;
				DEBUG_INFORMATION_FORMAT = dwarf;
				ENABLE_STRICT_OBJC_MSGSEND = YES;
				ENABLE_TESTABILITY = YES;
				ENABLE_USER_SCRIPT_SANDBOXING = YES;
				GCC_C_LANGUAGE_STANDARD = gnu17;
				GCC_DYNAMIC_NO_PIC = NO;
				GCC_NO_COMMON_BLOCKS = YES;
				GCC_OPTIMIZATION_LEVEL = 0;
				GCC_PREPROCESSOR_DEFINITIONS = (
					"DEBUG=1",
					"$(inherited)",
				);
				GCC_WARN_64_TO_32_BIT_CONVERSION = YES;
				GCC_WARN_ABOUT_RETURN_TYPE = YES_ERROR;
				GCC_WARN_UNDECLARED_SELECTOR = YES;
				GCC_WARN_UNINITIALIZED_AUTOS = YES_AGGRESSIVE;
				GCC_WARN_UNUSED_FUNCTION = YES;
				GCC_WARN_UNUSED_VARIABLE = YES;
				IPHONEOS_DEPLOYMENT_TARGET = 17.4;
				LOCALIZATION_PREFERS_STRING_CATALOGS = YES;
				MTL_ENABLE_DEBUG_INFO = INCLUDE_SOURCE;
				MTL_FAST_MATH = YES;
				ONLY_ACTIVE_ARCH = YES;
				SDKROOT = iphoneos;
				SWIFT_ACTIVE_COMPILATION_CONDITIONS = "DEBUG $(inherited)";
				SWIFT_OPTIMIZATION_LEVEL = "-Onone";
			};
			name = Debug;
		};
		7248914F2BE02B7F009BE492 /* Release */ = {
			isa = XCBuildConfiguration;
			buildSettings = {
				ALWAYS_SEARCH_USER_PATHS = NO;
				ASSETCATALOG_COMPILER_GENERATE_SWIFT_ASSET_SYMBOL_EXTENSIONS = YES;
				CLANG_ANALYZER_NONNULL = YES;
				CLANG_ANALYZER_NUMBER_OBJECT_CONVERSION = YES_AGGRESSIVE;
				CLANG_CXX_LANGUAGE_STANDARD = "gnu++20";
				CLANG_ENABLE_MODULES = YES;
				CLANG_ENABLE_OBJC_ARC = YES;
				CLANG_ENABLE_OBJC_WEAK = YES;
				CLANG_WARN_BLOCK_CAPTURE_AUTORELEASING = YES;
				CLANG_WARN_BOOL_CONVERSION = YES;
				CLANG_WARN_COMMA = YES;
				CLANG_WARN_CONSTANT_CONVERSION = YES;
				CLANG_WARN_DEPRECATED_OBJC_IMPLEMENTATIONS = YES;
				CLANG_WARN_DIRECT_OBJC_ISA_USAGE = YES_ERROR;
				CLANG_WARN_DOCUMENTATION_COMMENTS = YES;
				CLANG_WARN_EMPTY_BODY = YES;
				CLANG_WARN_ENUM_CONVERSION = YES;
				CLANG_WARN_INFINITE_RECURSION = YES;
				CLANG_WARN_INT_CONVERSION = YES;
				CLANG_WARN_NON_LITERAL_NULL_CONVERSION = YES;
				CLANG_WARN_OBJC_IMPLICIT_RETAIN_SELF = YES;
				CLANG_WARN_OBJC_LITERAL_CONVERSION = YES;
				CLANG_WARN_OBJC_ROOT_CLASS = YES_ERROR;
				CLANG_WARN_QUOTED_INCLUDE_IN_FRAMEWORK_HEADER = YES;
				CLANG_WARN_RANGE_LOOP_ANALYSIS = YES;
				CLANG_WARN_STRICT_PROTOTYPES = YES;
				CLANG_WARN_SUSPICIOUS_MOVE = YES;
				CLANG_WARN_UNGUARDED_AVAILABILITY = YES_AGGRESSIVE;
				CLANG_WARN_UNREACHABLE_CODE = YES;
				CLANG_WARN__DUPLICATE_METHOD_MATCH = YES;
				COPY_PHASE_STRIP = NO;
				DEBUG_INFORMATION_FORMAT = "dwarf-with-dsym";
				ENABLE_NS_ASSERTIONS = NO;
				ENABLE_STRICT_OBJC_MSGSEND = YES;
				ENABLE_USER_SCRIPT_SANDBOXING = YES;
				GCC_C_LANGUAGE_STANDARD = gnu17;
				GCC_NO_COMMON_BLOCKS = YES;
				GCC_WARN_64_TO_32_BIT_CONVERSION = YES;
				GCC_WARN_ABOUT_RETURN_TYPE = YES_ERROR;
				GCC_WARN_UNDECLARED_SELECTOR = YES;
				GCC_WARN_UNINITIALIZED_AUTOS = YES_AGGRESSIVE;
				GCC_WARN_UNUSED_FUNCTION = YES;
				GCC_WARN_UNUSED_VARIABLE = YES;
				IPHONEOS_DEPLOYMENT_TARGET = 17.4;
				LOCALIZATION_PREFERS_STRING_CATALOGS = YES;
				MTL_ENABLE_DEBUG_INFO = NO;
				MTL_FAST_MATH = YES;
				SDKROOT = iphoneos;
				SWIFT_COMPILATION_MODE = wholemodule;
				VALIDATE_PRODUCT = YES;
			};
			name = Release;
		};
		724891512BE02B7F009BE492 /* Debug */ = {
			isa = XCBuildConfiguration;
			buildSettings = {
				ASSETCATALOG_COMPILER_APPICON_NAME = AppIcon;
				ASSETCATALOG_COMPILER_GLOBAL_ACCENT_COLOR_NAME = AccentColor;
				CODE_SIGN_STYLE = Automatic;
				CURRENT_PROJECT_VERSION = 1;
				DEVELOPMENT_TEAM = GF3U88C7F2;
				GENERATE_INFOPLIST_FILE = YES;
				INFOPLIST_FILE = EssentialApp/Info.plist;
				INFOPLIST_KEY_UIApplicationSupportsIndirectInputEvents = YES;
				INFOPLIST_KEY_UILaunchStoryboardName = LaunchScreen;
				INFOPLIST_KEY_UIMainStoryboardFile = Main;
				INFOPLIST_KEY_UISupportedInterfaceOrientations = UIInterfaceOrientationPortrait;
				LD_RUNPATH_SEARCH_PATHS = (
					"$(inherited)",
					"@executable_path/Frameworks",
				);
				MARKETING_VERSION = 1.0;
				PRODUCT_BUNDLE_IDENTIFIER = com.alexeybolv.EssentialApp;
				PRODUCT_NAME = "$(TARGET_NAME)";
				SUPPORTED_PLATFORMS = "iphoneos iphonesimulator";
				SUPPORTS_MACCATALYST = NO;
				SUPPORTS_XR_DESIGNED_FOR_IPHONE_IPAD = NO;
				SWIFT_EMIT_LOC_STRINGS = YES;
				SWIFT_VERSION = 5.0;
				TARGETED_DEVICE_FAMILY = 1;
			};
			name = Debug;
		};
		724891522BE02B7F009BE492 /* Release */ = {
			isa = XCBuildConfiguration;
			buildSettings = {
				ASSETCATALOG_COMPILER_APPICON_NAME = AppIcon;
				ASSETCATALOG_COMPILER_GLOBAL_ACCENT_COLOR_NAME = AccentColor;
				CODE_SIGN_STYLE = Automatic;
				CURRENT_PROJECT_VERSION = 1;
				DEVELOPMENT_TEAM = GF3U88C7F2;
				GENERATE_INFOPLIST_FILE = YES;
				INFOPLIST_FILE = EssentialApp/Info.plist;
				INFOPLIST_KEY_UIApplicationSupportsIndirectInputEvents = YES;
				INFOPLIST_KEY_UILaunchStoryboardName = LaunchScreen;
				INFOPLIST_KEY_UIMainStoryboardFile = Main;
				INFOPLIST_KEY_UISupportedInterfaceOrientations = UIInterfaceOrientationPortrait;
				LD_RUNPATH_SEARCH_PATHS = (
					"$(inherited)",
					"@executable_path/Frameworks",
				);
				MARKETING_VERSION = 1.0;
				PRODUCT_BUNDLE_IDENTIFIER = com.alexeybolv.EssentialApp;
				PRODUCT_NAME = "$(TARGET_NAME)";
				SUPPORTED_PLATFORMS = "iphoneos iphonesimulator";
				SUPPORTS_MACCATALYST = NO;
				SUPPORTS_XR_DESIGNED_FOR_IPHONE_IPAD = NO;
				SWIFT_EMIT_LOC_STRINGS = YES;
				SWIFT_VERSION = 5.0;
				TARGETED_DEVICE_FAMILY = 1;
			};
			name = Release;
		};
		724891542BE02B7F009BE492 /* Debug */ = {
			isa = XCBuildConfiguration;
			buildSettings = {
				ALWAYS_EMBED_SWIFT_STANDARD_LIBRARIES = YES;
				BUNDLE_LOADER = "$(TEST_HOST)";
				CODE_SIGN_STYLE = Automatic;
				CURRENT_PROJECT_VERSION = 1;
				DEVELOPMENT_TEAM = GF3U88C7F2;
				GENERATE_INFOPLIST_FILE = YES;
				IPHONEOS_DEPLOYMENT_TARGET = 17.4;
				MARKETING_VERSION = 1.0;
				PRODUCT_BUNDLE_IDENTIFIER = com.alexeybolv.EssentialAppTests;
				PRODUCT_NAME = "$(TARGET_NAME)";
				SWIFT_EMIT_LOC_STRINGS = NO;
				SWIFT_VERSION = 5.0;
				TARGETED_DEVICE_FAMILY = "1,2";
				TEST_HOST = "$(BUILT_PRODUCTS_DIR)/EssentialApp.app/$(BUNDLE_EXECUTABLE_FOLDER_PATH)/EssentialApp";
			};
			name = Debug;
		};
		724891552BE02B7F009BE492 /* Release */ = {
			isa = XCBuildConfiguration;
			buildSettings = {
				ALWAYS_EMBED_SWIFT_STANDARD_LIBRARIES = YES;
				BUNDLE_LOADER = "$(TEST_HOST)";
				CODE_SIGN_STYLE = Automatic;
				CURRENT_PROJECT_VERSION = 1;
				DEVELOPMENT_TEAM = GF3U88C7F2;
				GENERATE_INFOPLIST_FILE = YES;
				IPHONEOS_DEPLOYMENT_TARGET = 17.4;
				MARKETING_VERSION = 1.0;
				PRODUCT_BUNDLE_IDENTIFIER = com.alexeybolv.EssentialAppTests;
				PRODUCT_NAME = "$(TARGET_NAME)";
				SWIFT_EMIT_LOC_STRINGS = NO;
				SWIFT_VERSION = 5.0;
				TARGETED_DEVICE_FAMILY = "1,2";
				TEST_HOST = "$(BUILT_PRODUCTS_DIR)/EssentialApp.app/$(BUNDLE_EXECUTABLE_FOLDER_PATH)/EssentialApp";
			};
			name = Release;
		};
/* End XCBuildConfiguration section */

/* Begin XCConfigurationList section */
		7237B0A22BF7B62000663678 /* Build configuration list for PBXNativeTarget "EssentialAppUIAcceptanceTests" */ = {
			isa = XCConfigurationList;
			buildConfigurations = (
				7237B0A02BF7B62000663678 /* Debug */,
				7237B0A12BF7B62000663678 /* Release */,
			);
			defaultConfigurationIsVisible = 0;
			defaultConfigurationName = Release;
		};
		724891212BE02B7E009BE492 /* Build configuration list for PBXProject "EssentialApp" */ = {
			isa = XCConfigurationList;
			buildConfigurations = (
				7248914E2BE02B7F009BE492 /* Debug */,
				7248914F2BE02B7F009BE492 /* Release */,
			);
			defaultConfigurationIsVisible = 0;
			defaultConfigurationName = Release;
		};
		724891502BE02B7F009BE492 /* Build configuration list for PBXNativeTarget "EssentialApp" */ = {
			isa = XCConfigurationList;
			buildConfigurations = (
				724891512BE02B7F009BE492 /* Debug */,
				724891522BE02B7F009BE492 /* Release */,
			);
			defaultConfigurationIsVisible = 0;
			defaultConfigurationName = Release;
		};
		724891532BE02B7F009BE492 /* Build configuration list for PBXNativeTarget "EssentialAppTests" */ = {
			isa = XCConfigurationList;
			buildConfigurations = (
				724891542BE02B7F009BE492 /* Debug */,
				724891552BE02B7F009BE492 /* Release */,
			);
			defaultConfigurationIsVisible = 0;
			defaultConfigurationName = Release;
		};
/* End XCConfigurationList section */
	};
	rootObject = 7248911E2BE02B7E009BE492 /* Project object */;
}
