// !$*UTF8*$!
{
	archiveVersion = 1;
	classes = {
	};
	objectVersion = 56;
	objects = {

/* Begin PBXBuildFile section */
		7248912A2BE02B7E009BE492 /* AppDelegate.swift in Sources */ = {isa = PBXBuildFile; fileRef = 724891292BE02B7E009BE492 /* AppDelegate.swift */; };
		7248912C2BE02B7E009BE492 /* SceneDelegate.swift in Sources */ = {isa = PBXBuildFile; fileRef = 7248912B2BE02B7E009BE492 /* SceneDelegate.swift */; };
		7248912E2BE02B7E009BE492 /* ViewController.swift in Sources */ = {isa = PBXBuildFile; fileRef = 7248912D2BE02B7E009BE492 /* ViewController.swift */; };
		724891312BE02B7E009BE492 /* Base in Resources */ = {isa = PBXBuildFile; fileRef = 724891302BE02B7E009BE492 /* Base */; };
		724891332BE02B7F009BE492 /* Assets.xcassets in Resources */ = {isa = PBXBuildFile; fileRef = 724891322BE02B7F009BE492 /* Assets.xcassets */; };
		724891362BE02B7F009BE492 /* Base in Resources */ = {isa = PBXBuildFile; fileRef = 724891352BE02B7F009BE492 /* Base */; };
		7248914B2BE02B7F009BE492 /* EssentialAppUITests.swift in Sources */ = {isa = PBXBuildFile; fileRef = 7248914A2BE02B7F009BE492 /* EssentialAppUITests.swift */; };
		7248914D2BE02B7F009BE492 /* EssentialAppUITestsLaunchTests.swift in Sources */ = {isa = PBXBuildFile; fileRef = 7248914C2BE02B7F009BE492 /* EssentialAppUITestsLaunchTests.swift */; };
		7248915B2BE02EE7009BE492 /* EssentialFeed.framework in Frameworks */ = {isa = PBXBuildFile; fileRef = 7248915A2BE02EE7009BE492 /* EssentialFeed.framework */; };
		7248915C2BE02EE7009BE492 /* EssentialFeed.framework in Embed Frameworks */ = {isa = PBXBuildFile; fileRef = 7248915A2BE02EE7009BE492 /* EssentialFeed.framework */; settings = {ATTRIBUTES = (CodeSignOnCopy, RemoveHeadersOnCopy, ); }; };
		7248915F2BE02EF4009BE492 /* EssentialFeediOS.framework in Frameworks */ = {isa = PBXBuildFile; fileRef = 7248915E2BE02EF4009BE492 /* EssentialFeediOS.framework */; };
		724891602BE02EF4009BE492 /* EssentialFeediOS.framework in Embed Frameworks */ = {isa = PBXBuildFile; fileRef = 7248915E2BE02EF4009BE492 /* EssentialFeediOS.framework */; settings = {ATTRIBUTES = (CodeSignOnCopy, RemoveHeadersOnCopy, ); }; };
		724891622BE03AF8009BE492 /* FeedLoaderWithFallbackCompositeTests.swift in Sources */ = {isa = PBXBuildFile; fileRef = 724891612BE03AF8009BE492 /* FeedLoaderWithFallbackCompositeTests.swift */; };
		725A5D332BE453D500EC5964 /* FeedLoaderWithFallbackComposite.swift in Sources */ = {isa = PBXBuildFile; fileRef = 725A5D322BE453D500EC5964 /* FeedLoaderWithFallbackComposite.swift */; };
		725A5D352BE454C100EC5964 /* FeedImageDataLoaderWithFallbackCompositeTests.swift in Sources */ = {isa = PBXBuildFile; fileRef = 725A5D342BE454C100EC5964 /* FeedImageDataLoaderWithFallbackCompositeTests.swift */; };
		725A5D372BEA9EA300EC5964 /* FeedImageDataLoaderWithFallbackComposite.swift in Sources */ = {isa = PBXBuildFile; fileRef = 725A5D362BEA9EA300EC5964 /* FeedImageDataLoaderWithFallbackComposite.swift */; };
		725A5D3A2BEA9FE600EC5964 /* SharedTestHelpers.swift in Sources */ = {isa = PBXBuildFile; fileRef = 725A5D392BEA9FE600EC5964 /* SharedTestHelpers.swift */; };
		725A5D3C2BEAA05E00EC5964 /* XCTestCase+MemoryLeakTracking.swift in Sources */ = {isa = PBXBuildFile; fileRef = 725A5D3B2BEAA05E00EC5964 /* XCTestCase+MemoryLeakTracking.swift */; };
/* End PBXBuildFile section */

/* Begin PBXContainerItemProxy section */
		7248913D2BE02B7F009BE492 /* PBXContainerItemProxy */ = {
			isa = PBXContainerItemProxy;
			containerPortal = 7248911E2BE02B7E009BE492 /* Project object */;
			proxyType = 1;
			remoteGlobalIDString = 724891252BE02B7E009BE492;
			remoteInfo = EssentialApp;
		};
		724891472BE02B7F009BE492 /* PBXContainerItemProxy */ = {
			isa = PBXContainerItemProxy;
			containerPortal = 7248911E2BE02B7E009BE492 /* Project object */;
			proxyType = 1;
			remoteGlobalIDString = 724891252BE02B7E009BE492;
			remoteInfo = EssentialApp;
		};
/* End PBXContainerItemProxy section */

/* Begin PBXCopyFilesBuildPhase section */
		7248915D2BE02EE7009BE492 /* Embed Frameworks */ = {
			isa = PBXCopyFilesBuildPhase;
			buildActionMask = 2147483647;
			dstPath = "";
			dstSubfolderSpec = 10;
			files = (
				7248915C2BE02EE7009BE492 /* EssentialFeed.framework in Embed Frameworks */,
				724891602BE02EF4009BE492 /* EssentialFeediOS.framework in Embed Frameworks */,
			);
			name = "Embed Frameworks";
			runOnlyForDeploymentPostprocessing = 0;
		};
/* End PBXCopyFilesBuildPhase section */

/* Begin PBXFileReference section */
		724891262BE02B7E009BE492 /* EssentialApp.app */ = {isa = PBXFileReference; explicitFileType = wrapper.application; includeInIndex = 0; path = EssentialApp.app; sourceTree = BUILT_PRODUCTS_DIR; };
		724891292BE02B7E009BE492 /* AppDelegate.swift */ = {isa = PBXFileReference; lastKnownFileType = sourcecode.swift; path = AppDelegate.swift; sourceTree = "<group>"; };
		7248912B2BE02B7E009BE492 /* SceneDelegate.swift */ = {isa = PBXFileReference; lastKnownFileType = sourcecode.swift; path = SceneDelegate.swift; sourceTree = "<group>"; };
		7248912D2BE02B7E009BE492 /* ViewController.swift */ = {isa = PBXFileReference; lastKnownFileType = sourcecode.swift; path = ViewController.swift; sourceTree = "<group>"; };
		724891302BE02B7E009BE492 /* Base */ = {isa = PBXFileReference; lastKnownFileType = file.storyboard; name = Base; path = Base.lproj/Main.storyboard; sourceTree = "<group>"; };
		724891322BE02B7F009BE492 /* Assets.xcassets */ = {isa = PBXFileReference; lastKnownFileType = folder.assetcatalog; path = Assets.xcassets; sourceTree = "<group>"; };
		724891352BE02B7F009BE492 /* Base */ = {isa = PBXFileReference; lastKnownFileType = file.storyboard; name = Base; path = Base.lproj/LaunchScreen.storyboard; sourceTree = "<group>"; };
		724891372BE02B7F009BE492 /* Info.plist */ = {isa = PBXFileReference; lastKnownFileType = text.plist.xml; path = Info.plist; sourceTree = "<group>"; };
		7248913C2BE02B7F009BE492 /* EssentialAppTests.xctest */ = {isa = PBXFileReference; explicitFileType = wrapper.cfbundle; includeInIndex = 0; path = EssentialAppTests.xctest; sourceTree = BUILT_PRODUCTS_DIR; };
		724891462BE02B7F009BE492 /* EssentialAppUITests.xctest */ = {isa = PBXFileReference; explicitFileType = wrapper.cfbundle; includeInIndex = 0; path = EssentialAppUITests.xctest; sourceTree = BUILT_PRODUCTS_DIR; };
		7248914A2BE02B7F009BE492 /* EssentialAppUITests.swift */ = {isa = PBXFileReference; lastKnownFileType = sourcecode.swift; path = EssentialAppUITests.swift; sourceTree = "<group>"; };
		7248914C2BE02B7F009BE492 /* EssentialAppUITestsLaunchTests.swift */ = {isa = PBXFileReference; lastKnownFileType = sourcecode.swift; path = EssentialAppUITestsLaunchTests.swift; sourceTree = "<group>"; };
		7248915A2BE02EE7009BE492 /* EssentialFeed.framework */ = {isa = PBXFileReference; explicitFileType = wrapper.framework; path = EssentialFeed.framework; sourceTree = BUILT_PRODUCTS_DIR; };
		7248915E2BE02EF4009BE492 /* EssentialFeediOS.framework */ = {isa = PBXFileReference; explicitFileType = wrapper.framework; path = EssentialFeediOS.framework; sourceTree = BUILT_PRODUCTS_DIR; };
		724891612BE03AF8009BE492 /* FeedLoaderWithFallbackCompositeTests.swift */ = {isa = PBXFileReference; lastKnownFileType = sourcecode.swift; path = FeedLoaderWithFallbackCompositeTests.swift; sourceTree = "<group>"; };
		725A5D322BE453D500EC5964 /* FeedLoaderWithFallbackComposite.swift */ = {isa = PBXFileReference; lastKnownFileType = sourcecode.swift; path = FeedLoaderWithFallbackComposite.swift; sourceTree = "<group>"; };
		725A5D342BE454C100EC5964 /* FeedImageDataLoaderWithFallbackCompositeTests.swift */ = {isa = PBXFileReference; lastKnownFileType = sourcecode.swift; path = FeedImageDataLoaderWithFallbackCompositeTests.swift; sourceTree = "<group>"; };
		725A5D362BEA9EA300EC5964 /* FeedImageDataLoaderWithFallbackComposite.swift */ = {isa = PBXFileReference; lastKnownFileType = sourcecode.swift; path = FeedImageDataLoaderWithFallbackComposite.swift; sourceTree = "<group>"; };
		725A5D392BEA9FE600EC5964 /* SharedTestHelpers.swift */ = {isa = PBXFileReference; lastKnownFileType = sourcecode.swift; path = SharedTestHelpers.swift; sourceTree = "<group>"; };
		725A5D3B2BEAA05E00EC5964 /* XCTestCase+MemoryLeakTracking.swift */ = {isa = PBXFileReference; lastKnownFileType = sourcecode.swift; path = "XCTestCase+MemoryLeakTracking.swift"; sourceTree = "<group>"; };
/* End PBXFileReference section */

/* Begin PBXFrameworksBuildPhase section */
		724891232BE02B7E009BE492 /* Frameworks */ = {
			isa = PBXFrameworksBuildPhase;
			buildActionMask = 2147483647;
			files = (
				7248915B2BE02EE7009BE492 /* EssentialFeed.framework in Frameworks */,
				7248915F2BE02EF4009BE492 /* EssentialFeediOS.framework in Frameworks */,
			);
			runOnlyForDeploymentPostprocessing = 0;
		};
		724891392BE02B7F009BE492 /* Frameworks */ = {
			isa = PBXFrameworksBuildPhase;
			buildActionMask = 2147483647;
			files = (
			);
			runOnlyForDeploymentPostprocessing = 0;
		};
		724891432BE02B7F009BE492 /* Frameworks */ = {
			isa = PBXFrameworksBuildPhase;
			buildActionMask = 2147483647;
			files = (
			);
			runOnlyForDeploymentPostprocessing = 0;
		};
/* End PBXFrameworksBuildPhase section */

/* Begin PBXGroup section */
		7248911D2BE02B7E009BE492 = {
			isa = PBXGroup;
			children = (
				724891282BE02B7E009BE492 /* EssentialApp */,
				7248913F2BE02B7F009BE492 /* EssentialAppTests */,
				724891492BE02B7F009BE492 /* EssentialAppUITests */,
				724891272BE02B7E009BE492 /* Products */,
				724891592BE02EE7009BE492 /* Frameworks */,
			);
			sourceTree = "<group>";
		};
		724891272BE02B7E009BE492 /* Products */ = {
			isa = PBXGroup;
			children = (
				724891262BE02B7E009BE492 /* EssentialApp.app */,
				7248913C2BE02B7F009BE492 /* EssentialAppTests.xctest */,
				724891462BE02B7F009BE492 /* EssentialAppUITests.xctest */,
			);
			name = Products;
			sourceTree = "<group>";
		};
		724891282BE02B7E009BE492 /* EssentialApp */ = {
			isa = PBXGroup;
			children = (
				724891292BE02B7E009BE492 /* AppDelegate.swift */,
				7248912B2BE02B7E009BE492 /* SceneDelegate.swift */,
				7248912D2BE02B7E009BE492 /* ViewController.swift */,
				725A5D322BE453D500EC5964 /* FeedLoaderWithFallbackComposite.swift */,
				725A5D362BEA9EA300EC5964 /* FeedImageDataLoaderWithFallbackComposite.swift */,
				7248912F2BE02B7E009BE492 /* Main.storyboard */,
				724891322BE02B7F009BE492 /* Assets.xcassets */,
				724891342BE02B7F009BE492 /* LaunchScreen.storyboard */,
				724891372BE02B7F009BE492 /* Info.plist */,
			);
			path = EssentialApp;
			sourceTree = "<group>";
		};
		7248913F2BE02B7F009BE492 /* EssentialAppTests */ = {
			isa = PBXGroup;
			children = (
				725A5D382BEA9FCE00EC5964 /* Helpers */,
				724891612BE03AF8009BE492 /* FeedLoaderWithFallbackCompositeTests.swift */,
				725A5D342BE454C100EC5964 /* FeedImageDataLoaderWithFallbackCompositeTests.swift */,
			);
			path = EssentialAppTests;
			sourceTree = "<group>";
		};
		724891492BE02B7F009BE492 /* EssentialAppUITests */ = {
			isa = PBXGroup;
			children = (
				7248914A2BE02B7F009BE492 /* EssentialAppUITests.swift */,
				7248914C2BE02B7F009BE492 /* EssentialAppUITestsLaunchTests.swift */,
			);
			path = EssentialAppUITests;
			sourceTree = "<group>";
		};
		724891592BE02EE7009BE492 /* Frameworks */ = {
			isa = PBXGroup;
			children = (
				7248915E2BE02EF4009BE492 /* EssentialFeediOS.framework */,
				7248915A2BE02EE7009BE492 /* EssentialFeed.framework */,
			);
			name = Frameworks;
			sourceTree = "<group>";
		};
		725A5D382BEA9FCE00EC5964 /* Helpers */ = {
			isa = PBXGroup;
			children = (
				725A5D392BEA9FE600EC5964 /* SharedTestHelpers.swift */,
				725A5D3B2BEAA05E00EC5964 /* XCTestCase+MemoryLeakTracking.swift */,
			);
			path = Helpers;
			sourceTree = "<group>";
		};
/* End PBXGroup section */

/* Begin PBXNativeTarget section */
		724891252BE02B7E009BE492 /* EssentialApp */ = {
			isa = PBXNativeTarget;
			buildConfigurationList = 724891502BE02B7F009BE492 /* Build configuration list for PBXNativeTarget "EssentialApp" */;
			buildPhases = (
				724891222BE02B7E009BE492 /* Sources */,
				724891232BE02B7E009BE492 /* Frameworks */,
				724891242BE02B7E009BE492 /* Resources */,
				7248915D2BE02EE7009BE492 /* Embed Frameworks */,
			);
			buildRules = (
			);
			dependencies = (
			);
			name = EssentialApp;
			productName = EssentialApp;
			productReference = 724891262BE02B7E009BE492 /* EssentialApp.app */;
			productType = "com.apple.product-type.application";
		};
		7248913B2BE02B7F009BE492 /* EssentialAppTests */ = {
			isa = PBXNativeTarget;
			buildConfigurationList = 724891532BE02B7F009BE492 /* Build configuration list for PBXNativeTarget "EssentialAppTests" */;
			buildPhases = (
				724891382BE02B7F009BE492 /* Sources */,
				724891392BE02B7F009BE492 /* Frameworks */,
				7248913A2BE02B7F009BE492 /* Resources */,
			);
			buildRules = (
			);
			dependencies = (
				7248913E2BE02B7F009BE492 /* PBXTargetDependency */,
			);
			name = EssentialAppTests;
			productName = EssentialAppTests;
			productReference = 7248913C2BE02B7F009BE492 /* EssentialAppTests.xctest */;
			productType = "com.apple.product-type.bundle.unit-test";
		};
		724891452BE02B7F009BE492 /* EssentialAppUITests */ = {
			isa = PBXNativeTarget;
			buildConfigurationList = 724891562BE02B7F009BE492 /* Build configuration list for PBXNativeTarget "EssentialAppUITests" */;
			buildPhases = (
				724891422BE02B7F009BE492 /* Sources */,
				724891432BE02B7F009BE492 /* Frameworks */,
				724891442BE02B7F009BE492 /* Resources */,
			);
			buildRules = (
			);
			dependencies = (
				724891482BE02B7F009BE492 /* PBXTargetDependency */,
			);
			name = EssentialAppUITests;
			productName = EssentialAppUITests;
			productReference = 724891462BE02B7F009BE492 /* EssentialAppUITests.xctest */;
			productType = "com.apple.product-type.bundle.ui-testing";
		};
/* End PBXNativeTarget section */

/* Begin PBXProject section */
		7248911E2BE02B7E009BE492 /* Project object */ = {
			isa = PBXProject;
			attributes = {
				BuildIndependentTargetsInParallel = 1;
				LastSwiftUpdateCheck = 1530;
				LastUpgradeCheck = 1530;
				TargetAttributes = {
					724891252BE02B7E009BE492 = {
						CreatedOnToolsVersion = 15.3;
					};
					7248913B2BE02B7F009BE492 = {
						CreatedOnToolsVersion = 15.3;
						TestTargetID = 724891252BE02B7E009BE492;
					};
					724891452BE02B7F009BE492 = {
						CreatedOnToolsVersion = 15.3;
						TestTargetID = 724891252BE02B7E009BE492;
					};
				};
			};
			buildConfigurationList = 724891212BE02B7E009BE492 /* Build configuration list for PBXProject "EssentialApp" */;
			compatibilityVersion = "Xcode 14.0";
			developmentRegion = en;
			hasScannedForEncodings = 0;
			knownRegions = (
				en,
				Base,
			);
			mainGroup = 7248911D2BE02B7E009BE492;
			productRefGroup = 724891272BE02B7E009BE492 /* Products */;
			projectDirPath = "";
			projectRoot = "";
			targets = (
				724891252BE02B7E009BE492 /* EssentialApp */,
				7248913B2BE02B7F009BE492 /* EssentialAppTests */,
				724891452BE02B7F009BE492 /* EssentialAppUITests */,
			);
		};
/* End PBXProject section */

/* Begin PBXResourcesBuildPhase section */
		724891242BE02B7E009BE492 /* Resources */ = {
			isa = PBXResourcesBuildPhase;
			buildActionMask = 2147483647;
			files = (
				724891332BE02B7F009BE492 /* Assets.xcassets in Resources */,
				724891362BE02B7F009BE492 /* Base in Resources */,
				724891312BE02B7E009BE492 /* Base in Resources */,
			);
			runOnlyForDeploymentPostprocessing = 0;
		};
		7248913A2BE02B7F009BE492 /* Resources */ = {
			isa = PBXResourcesBuildPhase;
			buildActionMask = 2147483647;
			files = (
			);
			runOnlyForDeploymentPostprocessing = 0;
		};
		724891442BE02B7F009BE492 /* Resources */ = {
			isa = PBXResourcesBuildPhase;
			buildActionMask = 2147483647;
			files = (
			);
			runOnlyForDeploymentPostprocessing = 0;
		};
/* End PBXResourcesBuildPhase section */

/* Begin PBXSourcesBuildPhase section */
		724891222BE02B7E009BE492 /* Sources */ = {
			isa = PBXSourcesBuildPhase;
			buildActionMask = 2147483647;
			files = (
				7248912E2BE02B7E009BE492 /* ViewController.swift in Sources */,
				7248912A2BE02B7E009BE492 /* AppDelegate.swift in Sources */,
				725A5D332BE453D500EC5964 /* FeedLoaderWithFallbackComposite.swift in Sources */,
				7248912C2BE02B7E009BE492 /* SceneDelegate.swift in Sources */,
				725A5D372BEA9EA300EC5964 /* FeedImageDataLoaderWithFallbackComposite.swift in Sources */,
			);
			runOnlyForDeploymentPostprocessing = 0;
		};
		724891382BE02B7F009BE492 /* Sources */ = {
			isa = PBXSourcesBuildPhase;
			buildActionMask = 2147483647;
			files = (
				725A5D352BE454C100EC5964 /* FeedImageDataLoaderWithFallbackCompositeTests.swift in Sources */,
				725A5D3C2BEAA05E00EC5964 /* XCTestCase+MemoryLeakTracking.swift in Sources */,
				724891622BE03AF8009BE492 /* FeedLoaderWithFallbackCompositeTests.swift in Sources */,
				725A5D3A2BEA9FE600EC5964 /* SharedTestHelpers.swift in Sources */,
			);
			runOnlyForDeploymentPostprocessing = 0;
		};
		724891422BE02B7F009BE492 /* Sources */ = {
			isa = PBXSourcesBuildPhase;
			buildActionMask = 2147483647;
			files = (
				7248914B2BE02B7F009BE492 /* EssentialAppUITests.swift in Sources */,
				7248914D2BE02B7F009BE492 /* EssentialAppUITestsLaunchTests.swift in Sources */,
			);
			runOnlyForDeploymentPostprocessing = 0;
		};
/* End PBXSourcesBuildPhase section */

/* Begin PBXTargetDependency section */
		7248913E2BE02B7F009BE492 /* PBXTargetDependency */ = {
			isa = PBXTargetDependency;
			target = 724891252BE02B7E009BE492 /* EssentialApp */;
			targetProxy = 7248913D2BE02B7F009BE492 /* PBXContainerItemProxy */;
		};
		724891482BE02B7F009BE492 /* PBXTargetDependency */ = {
			isa = PBXTargetDependency;
			target = 724891252BE02B7E009BE492 /* EssentialApp */;
			targetProxy = 724891472BE02B7F009BE492 /* PBXContainerItemProxy */;
		};
/* End PBXTargetDependency section */

/* Begin PBXVariantGroup section */
		7248912F2BE02B7E009BE492 /* Main.storyboard */ = {
			isa = PBXVariantGroup;
			children = (
				724891302BE02B7E009BE492 /* Base */,
			);
			name = Main.storyboard;
			sourceTree = "<group>";
		};
		724891342BE02B7F009BE492 /* LaunchScreen.storyboard */ = {
			isa = PBXVariantGroup;
			children = (
				724891352BE02B7F009BE492 /* Base */,
			);
			name = LaunchScreen.storyboard;
			sourceTree = "<group>";
		};
/* End PBXVariantGroup section */

/* Begin XCBuildConfiguration section */
		7248914E2BE02B7F009BE492 /* Debug */ = {
			isa = XCBuildConfiguration;
			buildSettings = {
				ALWAYS_SEARCH_USER_PATHS = NO;
				ASSETCATALOG_COMPILER_GENERATE_SWIFT_ASSET_SYMBOL_EXTENSIONS = YES;
				CLANG_ANALYZER_NONNULL = YES;
				CLANG_ANALYZER_NUMBER_OBJECT_CONVERSION = YES_AGGRESSIVE;
				CLANG_CXX_LANGUAGE_STANDARD = "gnu++20";
				CLANG_ENABLE_MODULES = YES;
				CLANG_ENABLE_OBJC_ARC = YES;
				CLANG_ENABLE_OBJC_WEAK = YES;
				CLANG_WARN_BLOCK_CAPTURE_AUTORELEASING = YES;
				CLANG_WARN_BOOL_CONVERSION = YES;
				CLANG_WARN_COMMA = YES;
				CLANG_WARN_CONSTANT_CONVERSION = YES;
				CLANG_WARN_DEPRECATED_OBJC_IMPLEMENTATIONS = YES;
				CLANG_WARN_DIRECT_OBJC_ISA_USAGE = YES_ERROR;
				CLANG_WARN_DOCUMENTATION_COMMENTS = YES;
				CLANG_WARN_EMPTY_BODY = YES;
				CLANG_WARN_ENUM_CONVERSION = YES;
				CLANG_WARN_INFINITE_RECURSION = YES;
				CLANG_WARN_INT_CONVERSION = YES;
				CLANG_WARN_NON_LITERAL_NULL_CONVERSION = YES;
				CLANG_WARN_OBJC_IMPLICIT_RETAIN_SELF = YES;
				CLANG_WARN_OBJC_LITERAL_CONVERSION = YES;
				CLANG_WARN_OBJC_ROOT_CLASS = YES_ERROR;
				CLANG_WARN_QUOTED_INCLUDE_IN_FRAMEWORK_HEADER = YES;
				CLANG_WARN_RANGE_LOOP_ANALYSIS = YES;
				CLANG_WARN_STRICT_PROTOTYPES = YES;
				CLANG_WARN_SUSPICIOUS_MOVE = YES;
				CLANG_WARN_UNGUARDED_AVAILABILITY = YES_AGGRESSIVE;
				CLANG_WARN_UNREACHABLE_CODE = YES;
				CLANG_WARN__DUPLICATE_METHOD_MATCH = YES;
				COPY_PHASE_STRIP = NO;
				DEBUG_INFORMATION_FORMAT = dwarf;
				ENABLE_STRICT_OBJC_MSGSEND = YES;
				ENABLE_TESTABILITY = YES;
				ENABLE_USER_SCRIPT_SANDBOXING = YES;
				GCC_C_LANGUAGE_STANDARD = gnu17;
				GCC_DYNAMIC_NO_PIC = NO;
				GCC_NO_COMMON_BLOCKS = YES;
				GCC_OPTIMIZATION_LEVEL = 0;
				GCC_PREPROCESSOR_DEFINITIONS = (
					"DEBUG=1",
					"$(inherited)",
				);
				GCC_WARN_64_TO_32_BIT_CONVERSION = YES;
				GCC_WARN_ABOUT_RETURN_TYPE = YES_ERROR;
				GCC_WARN_UNDECLARED_SELECTOR = YES;
				GCC_WARN_UNINITIALIZED_AUTOS = YES_AGGRESSIVE;
				GCC_WARN_UNUSED_FUNCTION = YES;
				GCC_WARN_UNUSED_VARIABLE = YES;
				IPHONEOS_DEPLOYMENT_TARGET = 17.4;
				LOCALIZATION_PREFERS_STRING_CATALOGS = YES;
				MTL_ENABLE_DEBUG_INFO = INCLUDE_SOURCE;
				MTL_FAST_MATH = YES;
				ONLY_ACTIVE_ARCH = YES;
				SDKROOT = iphoneos;
				SWIFT_ACTIVE_COMPILATION_CONDITIONS = "DEBUG $(inherited)";
				SWIFT_OPTIMIZATION_LEVEL = "-Onone";
			};
			name = Debug;
		};
		7248914F2BE02B7F009BE492 /* Release */ = {
			isa = XCBuildConfiguration;
			buildSettings = {
				ALWAYS_SEARCH_USER_PATHS = NO;
				ASSETCATALOG_COMPILER_GENERATE_SWIFT_ASSET_SYMBOL_EXTENSIONS = YES;
				CLANG_ANALYZER_NONNULL = YES;
				CLANG_ANALYZER_NUMBER_OBJECT_CONVERSION = YES_AGGRESSIVE;
				CLANG_CXX_LANGUAGE_STANDARD = "gnu++20";
				CLANG_ENABLE_MODULES = YES;
				CLANG_ENABLE_OBJC_ARC = YES;
				CLANG_ENABLE_OBJC_WEAK = YES;
				CLANG_WARN_BLOCK_CAPTURE_AUTORELEASING = YES;
				CLANG_WARN_BOOL_CONVERSION = YES;
				CLANG_WARN_COMMA = YES;
				CLANG_WARN_CONSTANT_CONVERSION = YES;
				CLANG_WARN_DEPRECATED_OBJC_IMPLEMENTATIONS = YES;
				CLANG_WARN_DIRECT_OBJC_ISA_USAGE = YES_ERROR;
				CLANG_WARN_DOCUMENTATION_COMMENTS = YES;
				CLANG_WARN_EMPTY_BODY = YES;
				CLANG_WARN_ENUM_CONVERSION = YES;
				CLANG_WARN_INFINITE_RECURSION = YES;
				CLANG_WARN_INT_CONVERSION = YES;
				CLANG_WARN_NON_LITERAL_NULL_CONVERSION = YES;
				CLANG_WARN_OBJC_IMPLICIT_RETAIN_SELF = YES;
				CLANG_WARN_OBJC_LITERAL_CONVERSION = YES;
				CLANG_WARN_OBJC_ROOT_CLASS = YES_ERROR;
				CLANG_WARN_QUOTED_INCLUDE_IN_FRAMEWORK_HEADER = YES;
				CLANG_WARN_RANGE_LOOP_ANALYSIS = YES;
				CLANG_WARN_STRICT_PROTOTYPES = YES;
				CLANG_WARN_SUSPICIOUS_MOVE = YES;
				CLANG_WARN_UNGUARDED_AVAILABILITY = YES_AGGRESSIVE;
				CLANG_WARN_UNREACHABLE_CODE = YES;
				CLANG_WARN__DUPLICATE_METHOD_MATCH = YES;
				COPY_PHASE_STRIP = NO;
				DEBUG_INFORMATION_FORMAT = "dwarf-with-dsym";
				ENABLE_NS_ASSERTIONS = NO;
				ENABLE_STRICT_OBJC_MSGSEND = YES;
				ENABLE_USER_SCRIPT_SANDBOXING = YES;
				GCC_C_LANGUAGE_STANDARD = gnu17;
				GCC_NO_COMMON_BLOCKS = YES;
				GCC_WARN_64_TO_32_BIT_CONVERSION = YES;
				GCC_WARN_ABOUT_RETURN_TYPE = YES_ERROR;
				GCC_WARN_UNDECLARED_SELECTOR = YES;
				GCC_WARN_UNINITIALIZED_AUTOS = YES_AGGRESSIVE;
				GCC_WARN_UNUSED_FUNCTION = YES;
				GCC_WARN_UNUSED_VARIABLE = YES;
				IPHONEOS_DEPLOYMENT_TARGET = 17.4;
				LOCALIZATION_PREFERS_STRING_CATALOGS = YES;
				MTL_ENABLE_DEBUG_INFO = NO;
				MTL_FAST_MATH = YES;
				SDKROOT = iphoneos;
				SWIFT_COMPILATION_MODE = wholemodule;
				VALIDATE_PRODUCT = YES;
			};
			name = Release;
		};
		724891512BE02B7F009BE492 /* Debug */ = {
			isa = XCBuildConfiguration;
			buildSettings = {
				ASSETCATALOG_COMPILER_APPICON_NAME = AppIcon;
				ASSETCATALOG_COMPILER_GLOBAL_ACCENT_COLOR_NAME = AccentColor;
				CODE_SIGN_STYLE = Automatic;
				CURRENT_PROJECT_VERSION = 1;
				DEVELOPMENT_TEAM = GF3U88C7F2;
				GENERATE_INFOPLIST_FILE = YES;
				INFOPLIST_FILE = EssentialApp/Info.plist;
				INFOPLIST_KEY_UIApplicationSupportsIndirectInputEvents = YES;
				INFOPLIST_KEY_UILaunchStoryboardName = LaunchScreen;
				INFOPLIST_KEY_UIMainStoryboardFile = Main;
				INFOPLIST_KEY_UISupportedInterfaceOrientations = UIInterfaceOrientationPortrait;
				LD_RUNPATH_SEARCH_PATHS = (
					"$(inherited)",
					"@executable_path/Frameworks",
				);
				MARKETING_VERSION = 1.0;
				PRODUCT_BUNDLE_IDENTIFIER = com.alexeybolv.EssentialApp;
				PRODUCT_NAME = "$(TARGET_NAME)";
				SUPPORTED_PLATFORMS = "iphoneos iphonesimulator";
				SUPPORTS_MACCATALYST = NO;
				SUPPORTS_XR_DESIGNED_FOR_IPHONE_IPAD = NO;
				SWIFT_EMIT_LOC_STRINGS = YES;
				SWIFT_VERSION = 5.0;
				TARGETED_DEVICE_FAMILY = 1;
			};
			name = Debug;
		};
		724891522BE02B7F009BE492 /* Release */ = {
			isa = XCBuildConfiguration;
			buildSettings = {
				ASSETCATALOG_COMPILER_APPICON_NAME = AppIcon;
				ASSETCATALOG_COMPILER_GLOBAL_ACCENT_COLOR_NAME = AccentColor;
				CODE_SIGN_STYLE = Automatic;
				CURRENT_PROJECT_VERSION = 1;
				DEVELOPMENT_TEAM = GF3U88C7F2;
				GENERATE_INFOPLIST_FILE = YES;
				INFOPLIST_FILE = EssentialApp/Info.plist;
				INFOPLIST_KEY_UIApplicationSupportsIndirectInputEvents = YES;
				INFOPLIST_KEY_UILaunchStoryboardName = LaunchScreen;
				INFOPLIST_KEY_UIMainStoryboardFile = Main;
				INFOPLIST_KEY_UISupportedInterfaceOrientations = UIInterfaceOrientationPortrait;
				LD_RUNPATH_SEARCH_PATHS = (
					"$(inherited)",
					"@executable_path/Frameworks",
				);
				MARKETING_VERSION = 1.0;
				PRODUCT_BUNDLE_IDENTIFIER = com.alexeybolv.EssentialApp;
				PRODUCT_NAME = "$(TARGET_NAME)";
				SUPPORTED_PLATFORMS = "iphoneos iphonesimulator";
				SUPPORTS_MACCATALYST = NO;
				SUPPORTS_XR_DESIGNED_FOR_IPHONE_IPAD = NO;
				SWIFT_EMIT_LOC_STRINGS = YES;
				SWIFT_VERSION = 5.0;
				TARGETED_DEVICE_FAMILY = 1;
			};
			name = Release;
		};
		724891542BE02B7F009BE492 /* Debug */ = {
			isa = XCBuildConfiguration;
			buildSettings = {
				ALWAYS_EMBED_SWIFT_STANDARD_LIBRARIES = YES;
				BUNDLE_LOADER = "$(TEST_HOST)";
				CODE_SIGN_STYLE = Automatic;
				CURRENT_PROJECT_VERSION = 1;
				DEVELOPMENT_TEAM = GF3U88C7F2;
				GENERATE_INFOPLIST_FILE = YES;
				IPHONEOS_DEPLOYMENT_TARGET = 17.4;
				MARKETING_VERSION = 1.0;
				PRODUCT_BUNDLE_IDENTIFIER = com.alexeybolv.EssentialAppTests;
				PRODUCT_NAME = "$(TARGET_NAME)";
				SWIFT_EMIT_LOC_STRINGS = NO;
				SWIFT_VERSION = 5.0;
				TARGETED_DEVICE_FAMILY = "1,2";
				TEST_HOST = "$(BUILT_PRODUCTS_DIR)/EssentialApp.app/$(BUNDLE_EXECUTABLE_FOLDER_PATH)/EssentialApp";
			};
			name = Debug;
		};
		724891552BE02B7F009BE492 /* Release */ = {
			isa = XCBuildConfiguration;
			buildSettings = {
				ALWAYS_EMBED_SWIFT_STANDARD_LIBRARIES = YES;
				BUNDLE_LOADER = "$(TEST_HOST)";
				CODE_SIGN_STYLE = Automatic;
				CURRENT_PROJECT_VERSION = 1;
				DEVELOPMENT_TEAM = GF3U88C7F2;
				GENERATE_INFOPLIST_FILE = YES;
				IPHONEOS_DEPLOYMENT_TARGET = 17.4;
				MARKETING_VERSION = 1.0;
				PRODUCT_BUNDLE_IDENTIFIER = com.alexeybolv.EssentialAppTests;
				PRODUCT_NAME = "$(TARGET_NAME)";
				SWIFT_EMIT_LOC_STRINGS = NO;
				SWIFT_VERSION = 5.0;
				TARGETED_DEVICE_FAMILY = "1,2";
				TEST_HOST = "$(BUILT_PRODUCTS_DIR)/EssentialApp.app/$(BUNDLE_EXECUTABLE_FOLDER_PATH)/EssentialApp";
			};
			name = Release;
		};
		724891572BE02B7F009BE492 /* Debug */ = {
			isa = XCBuildConfiguration;
			buildSettings = {
				ALWAYS_EMBED_SWIFT_STANDARD_LIBRARIES = YES;
				CODE_SIGN_STYLE = Automatic;
				CURRENT_PROJECT_VERSION = 1;
				DEVELOPMENT_TEAM = GF3U88C7F2;
				GENERATE_INFOPLIST_FILE = YES;
				MARKETING_VERSION = 1.0;
				PRODUCT_BUNDLE_IDENTIFIER = com.alexeybolv.EssentialAppUITests;
				PRODUCT_NAME = "$(TARGET_NAME)";
				SWIFT_EMIT_LOC_STRINGS = NO;
				SWIFT_VERSION = 5.0;
				TARGETED_DEVICE_FAMILY = "1,2";
				TEST_TARGET_NAME = EssentialApp;
			};
			name = Debug;
		};
		724891582BE02B7F009BE492 /* Release */ = {
			isa = XCBuildConfiguration;
			buildSettings = {
				ALWAYS_EMBED_SWIFT_STANDARD_LIBRARIES = YES;
				CODE_SIGN_STYLE = Automatic;
				CURRENT_PROJECT_VERSION = 1;
				DEVELOPMENT_TEAM = GF3U88C7F2;
				GENERATE_INFOPLIST_FILE = YES;
				MARKETING_VERSION = 1.0;
				PRODUCT_BUNDLE_IDENTIFIER = com.alexeybolv.EssentialAppUITests;
				PRODUCT_NAME = "$(TARGET_NAME)";
				SWIFT_EMIT_LOC_STRINGS = NO;
				SWIFT_VERSION = 5.0;
				TARGETED_DEVICE_FAMILY = "1,2";
				TEST_TARGET_NAME = EssentialApp;
			};
			name = Release;
		};
/* End XCBuildConfiguration section */

/* Begin XCConfigurationList section */
		724891212BE02B7E009BE492 /* Build configuration list for PBXProject "EssentialApp" */ = {
			isa = XCConfigurationList;
			buildConfigurations = (
				7248914E2BE02B7F009BE492 /* Debug */,
				7248914F2BE02B7F009BE492 /* Release */,
			);
			defaultConfigurationIsVisible = 0;
			defaultConfigurationName = Release;
		};
		724891502BE02B7F009BE492 /* Build configuration list for PBXNativeTarget "EssentialApp" */ = {
			isa = XCConfigurationList;
			buildConfigurations = (
				724891512BE02B7F009BE492 /* Debug */,
				724891522BE02B7F009BE492 /* Release */,
			);
			defaultConfigurationIsVisible = 0;
			defaultConfigurationName = Release;
		};
		724891532BE02B7F009BE492 /* Build configuration list for PBXNativeTarget "EssentialAppTests" */ = {
			isa = XCConfigurationList;
			buildConfigurations = (
				724891542BE02B7F009BE492 /* Debug */,
				724891552BE02B7F009BE492 /* Release */,
			);
			defaultConfigurationIsVisible = 0;
			defaultConfigurationName = Release;
		};
		724891562BE02B7F009BE492 /* Build configuration list for PBXNativeTarget "EssentialAppUITests" */ = {
			isa = XCConfigurationList;
			buildConfigurations = (
				724891572BE02B7F009BE492 /* Debug */,
				724891582BE02B7F009BE492 /* Release */,
			);
			defaultConfigurationIsVisible = 0;
			defaultConfigurationName = Release;
		};
/* End XCConfigurationList section */
	};
	rootObject = 7248911E2BE02B7E009BE492 /* Project object */;
}
